// !$*UTF8*$!
{
	archiveVersion = 1;
	classes = {
	};
	objectVersion = 56;
	objects = {

/* Begin PBXBuildFile section */
		5AA1C315A042AD836FC0F47A /* Pods_TodorimMVCTests.framework in Frameworks */ = {isa = PBXBuildFile; fileRef = 2F19D903CFDF125B7A831A11 /* Pods_TodorimMVCTests.framework */; };
		9CD969E0ACD99D3BD2A88C60 /* Pods_TodorimMVC.framework in Frameworks */ = {isa = PBXBuildFile; fileRef = E5B4362F0F23248F4E503F83 /* Pods_TodorimMVC.framework */; };
		EA6088482BF6F11B00DA07D7 /* TodorimMVCTests.swift in Sources */ = {isa = PBXBuildFile; fileRef = EA6088472BF6F11B00DA07D7 /* TodorimMVCTests.swift */; };
		EA6088522BF6F11B00DA07D7 /* TodorimMVCUITests.swift in Sources */ = {isa = PBXBuildFile; fileRef = EA6088512BF6F11B00DA07D7 /* TodorimMVCUITests.swift */; };
		EA6088542BF6F11B00DA07D7 /* TodorimMVCUITestsLaunchTests.swift in Sources */ = {isa = PBXBuildFile; fileRef = EA6088532BF6F11B00DA07D7 /* TodorimMVCUITestsLaunchTests.swift */; };
		EA87CACBE33B35C1C1BF56E4 /* Pods_TodorimMVC_TodorimMVCUITests.framework in Frameworks */ = {isa = PBXBuildFile; fileRef = 30C7508212D26F38EA7E46EB /* Pods_TodorimMVC_TodorimMVCUITests.framework */; };
		EAC6814B2C6903B00010ECCC /* DataGroup.swift in Sources */ = {isa = PBXBuildFile; fileRef = EAC681452C6903B00010ECCC /* DataGroup.swift */; };
		EAC6814C2C6903B00010ECCC /* DataTask.swift in Sources */ = {isa = PBXBuildFile; fileRef = EAC681462C6903B00010ECCC /* DataTask.swift */; };
		EAC6814D2C6903B00010ECCC /* DataTaskv2.swift in Sources */ = {isa = PBXBuildFile; fileRef = EAC681472C6903B00010ECCC /* DataTaskv2.swift */; };
		EAC6814E2C6903B00010ECCC /* NotiConfig.swift in Sources */ = {isa = PBXBuildFile; fileRef = EAC681482C6903B00010ECCC /* NotiConfig.swift */; };
		EAC6815F2C6903BE0010ECCC /* CustomDatePicker.swift in Sources */ = {isa = PBXBuildFile; fileRef = EAC6814F2C6903BE0010ECCC /* CustomDatePicker.swift */; };
		EAC681602C6903BE0010ECCC /* CustomDayPicker.swift in Sources */ = {isa = PBXBuildFile; fileRef = EAC681502C6903BE0010ECCC /* CustomDayPicker.swift */; };
		EAC681612C6903BE0010ECCC /* CustomGroupPicker.swift in Sources */ = {isa = PBXBuildFile; fileRef = EAC681512C6903BE0010ECCC /* CustomGroupPicker.swift */; };
		EAC681622C6903BE0010ECCC /* CustomTabButton.swift in Sources */ = {isa = PBXBuildFile; fileRef = EAC681522C6903BE0010ECCC /* CustomTabButton.swift */; };
		EAC681632C6903BE0010ECCC /* CustomTextField.swift in Sources */ = {isa = PBXBuildFile; fileRef = EAC681532C6903BE0010ECCC /* CustomTextField.swift */; };
		EAC681642C6903BE0010ECCC /* CustomTextFieldCusor.swift in Sources */ = {isa = PBXBuildFile; fileRef = EAC681542C6903BE0010ECCC /* CustomTextFieldCusor.swift */; };
		EAC681652C6903BE0010ECCC /* CustomTimePicker.swift in Sources */ = {isa = PBXBuildFile; fileRef = EAC681552C6903BE0010ECCC /* CustomTimePicker.swift */; };
		EAC681662C6903BE0010ECCC /* CustomWeekPicker.swift in Sources */ = {isa = PBXBuildFile; fileRef = EAC681562C6903BE0010ECCC /* CustomWeekPicker.swift */; };
		EAC681672C6903BE0010ECCC /* AppDelegate.swift in Sources */ = {isa = PBXBuildFile; fileRef = EAC681582C6903BE0010ECCC /* AppDelegate.swift */; };
		EAC681682C6903BE0010ECCC /* CommonGroup.swift in Sources */ = {isa = PBXBuildFile; fileRef = EAC681592C6903BE0010ECCC /* CommonGroup.swift */; };
		EAC681692C6903BE0010ECCC /* CommonNav.swift in Sources */ = {isa = PBXBuildFile; fileRef = EAC6815A2C6903BE0010ECCC /* CommonNav.swift */; };
		EAC6816A2C6903BE0010ECCC /* CommonNoti.swift in Sources */ = {isa = PBXBuildFile; fileRef = EAC6815B2C6903BE0010ECCC /* CommonNoti.swift */; };
		EAC6816B2C6903BE0010ECCC /* CommonRealmDB.swift in Sources */ = {isa = PBXBuildFile; fileRef = EAC6815C2C6903BE0010ECCC /* CommonRealmDB.swift */; };
		EAC6816C2C6903BE0010ECCC /* CommonSetting.swift in Sources */ = {isa = PBXBuildFile; fileRef = EAC6815D2C6903BE0010ECCC /* CommonSetting.swift */; };
		EAC6818C2C6903C60010ECCC /* AddGroupCell.swift in Sources */ = {isa = PBXBuildFile; fileRef = EAC6816D2C6903C60010ECCC /* AddGroupCell.swift */; };
		EAC6818D2C6903C60010ECCC /* AddGroupCell.xib in Resources */ = {isa = PBXBuildFile; fileRef = EAC6816E2C6903C60010ECCC /* AddGroupCell.xib */; };
		EAC6818E2C6903C60010ECCC /* GroupCell.swift in Sources */ = {isa = PBXBuildFile; fileRef = EAC6816F2C6903C60010ECCC /* GroupCell.swift */; };
		EAC6818F2C6903C60010ECCC /* GroupCell.xib in Resources */ = {isa = PBXBuildFile; fileRef = EAC681702C6903C60010ECCC /* GroupCell.xib */; };
		EAC681902C6903C60010ECCC /* GroupColorCell.swift in Sources */ = {isa = PBXBuildFile; fileRef = EAC681712C6903C60010ECCC /* GroupColorCell.swift */; };
		EAC681912C6903C60010ECCC /* GroupColorCell.xib in Resources */ = {isa = PBXBuildFile; fileRef = EAC681722C6903C60010ECCC /* GroupColorCell.xib */; };
		EAC681922C6903C60010ECCC /* GroupTaskCell.swift in Sources */ = {isa = PBXBuildFile; fileRef = EAC681732C6903C60010ECCC /* GroupTaskCell.swift */; };
		EAC681932C6903C60010ECCC /* GroupTaskCell.xib in Resources */ = {isa = PBXBuildFile; fileRef = EAC681742C6903C60010ECCC /* GroupTaskCell.xib */; };
		EAC681942C6903C60010ECCC /* AddGroupVC.swift in Sources */ = {isa = PBXBuildFile; fileRef = EAC681762C6903C60010ECCC /* AddGroupVC.swift */; };
		EAC681952C6903C60010ECCC /* GroupTaskVC.swift in Sources */ = {isa = PBXBuildFile; fileRef = EAC681772C6903C60010ECCC /* GroupTaskVC.swift */; };
		EAC681962C6903C60010ECCC /* GroupVC.swift in Sources */ = {isa = PBXBuildFile; fileRef = EAC681782C6903C60010ECCC /* GroupVC.swift */; };
		EAC681972C6903C60010ECCC /* ModifyGroupVC.swift in Sources */ = {isa = PBXBuildFile; fileRef = EAC681792C6903C60010ECCC /* ModifyGroupVC.swift */; };
		EAC681982C6903C60010ECCC /* IntroVC.swift in Sources */ = {isa = PBXBuildFile; fileRef = EAC6817B2C6903C60010ECCC /* IntroVC.swift */; };
		EAC681992C6903C60010ECCC /* TabBarVC.swift in Sources */ = {isa = PBXBuildFile; fileRef = EAC6817D2C6903C60010ECCC /* TabBarVC.swift */; };
		EAC6819A2C6903C60010ECCC /* TaskCell.swift in Sources */ = {isa = PBXBuildFile; fileRef = EAC6817F2C6903C60010ECCC /* TaskCell.swift */; };
		EAC6819B2C6903C60010ECCC /* TaskCell.xib in Resources */ = {isa = PBXBuildFile; fileRef = EAC681802C6903C60010ECCC /* TaskCell.xib */; };
		EAC6819C2C6903C60010ECCC /* TaskOneNotiCell.swift in Sources */ = {isa = PBXBuildFile; fileRef = EAC681812C6903C60010ECCC /* TaskOneNotiCell.swift */; };
		EAC6819D2C6903C60010ECCC /* TaskOneNotiCell.xib in Resources */ = {isa = PBXBuildFile; fileRef = EAC681822C6903C60010ECCC /* TaskOneNotiCell.xib */; };
		EAC6819E2C6903C60010ECCC /* TaskTwoNotiCell.swift in Sources */ = {isa = PBXBuildFile; fileRef = EAC681832C6903C60010ECCC /* TaskTwoNotiCell.swift */; };
		EAC6819F2C6903C60010ECCC /* TaskTwoNotiCell.xib in Resources */ = {isa = PBXBuildFile; fileRef = EAC681842C6903C60010ECCC /* TaskTwoNotiCell.xib */; };
		EAC681A02C6903C60010ECCC /* AddTaskVC.swift in Sources */ = {isa = PBXBuildFile; fileRef = EAC681862C6903C60010ECCC /* AddTaskVC.swift */; };
		EAC681A12C6903C60010ECCC /* SearchLocationMapVC.swift in Sources */ = {isa = PBXBuildFile; fileRef = EAC681872C6903C60010ECCC /* SearchLocationMapVC.swift */; };
		EAC681A22C6903C60010ECCC /* SearchLocationTVC.swift in Sources */ = {isa = PBXBuildFile; fileRef = EAC681882C6903C60010ECCC /* SearchLocationTVC.swift */; };
		EAC681A32C6903C60010ECCC /* SearchLocationVC.swift in Sources */ = {isa = PBXBuildFile; fileRef = EAC681892C6903C60010ECCC /* SearchLocationVC.swift */; };
		EAC681AC2C6903D80010ECCC /* Group.storyboard in Resources */ = {isa = PBXBuildFile; fileRef = EAC681A42C6903D80010ECCC /* Group.storyboard */; };
		EAC681AD2C6903D80010ECCC /* Intro.storyboard in Resources */ = {isa = PBXBuildFile; fileRef = EAC681A52C6903D80010ECCC /* Intro.storyboard */; };
		EAC681AE2C6903D80010ECCC /* LaunchScreen.storyboard in Resources */ = {isa = PBXBuildFile; fileRef = EAC681A72C6903D80010ECCC /* LaunchScreen.storyboard */; };
		EAC681AF2C6903D80010ECCC /* Main.storyboard in Resources */ = {isa = PBXBuildFile; fileRef = EAC681A92C6903D80010ECCC /* Main.storyboard */; };
		EAC681B02C6903D80010ECCC /* Task.storyboard in Resources */ = {isa = PBXBuildFile; fileRef = EAC681AA2C6903D80010ECCC /* Task.storyboard */; };
		EAC6820B2C6903E20010ECCC /* CustomizedTabBar.swift in Sources */ = {isa = PBXBuildFile; fileRef = EAC681B12C6903E20010ECCC /* CustomizedTabBar.swift */; };
		EAC6820C2C6903E20010ECCC /* DateHelper.swift in Sources */ = {isa = PBXBuildFile; fileRef = EAC681B42C6903E20010ECCC /* DateHelper.swift */; };
		EAC6820D2C6903E20010ECCC /* CAGradientLayerExtension.swift in Sources */ = {isa = PBXBuildFile; fileRef = EAC681B62C6903E20010ECCC /* CAGradientLayerExtension.swift */; };
		EAC6820E2C6903E20010ECCC /* DateExtension.swift in Sources */ = {isa = PBXBuildFile; fileRef = EAC681B72C6903E20010ECCC /* DateExtension.swift */; };
		EAC6820F2C6903E20010ECCC /* DoubleExtension.swift in Sources */ = {isa = PBXBuildFile; fileRef = EAC681B82C6903E20010ECCC /* DoubleExtension.swift */; };
		EAC682102C6903E20010ECCC /* StringExtension.swift in Sources */ = {isa = PBXBuildFile; fileRef = EAC681B92C6903E20010ECCC /* StringExtension.swift */; };
		EAC682112C6903E20010ECCC /* UIColorExtension.swift in Sources */ = {isa = PBXBuildFile; fileRef = EAC681BA2C6903E20010ECCC /* UIColorExtension.swift */; };
		EAC682122C6903E20010ECCC /* UITextFieldExtension.swift in Sources */ = {isa = PBXBuildFile; fileRef = EAC681BB2C6903E20010ECCC /* UITextFieldExtension.swift */; };
		EAC682132C6903E20010ECCC /* FAPaginationLayout.swift in Sources */ = {isa = PBXBuildFile; fileRef = EAC681BD2C6903E20010ECCC /* FAPaginationLayout.swift */; };
		EAC682142C6903E20010ECCC /* Geotification.swift in Sources */ = {isa = PBXBuildFile; fileRef = EAC681BF2C6903E20010ECCC /* Geotification.swift */; };
		EAC682152C6903E20010ECCC /* HeroAnimatorViewContext.swift in Sources */ = {isa = PBXBuildFile; fileRef = EAC681C12C6903E20010ECCC /* HeroAnimatorViewContext.swift */; };
		EAC682162C6903E20010ECCC /* HeroCoreAnimationViewContext.swift in Sources */ = {isa = PBXBuildFile; fileRef = EAC681C22C6903E20010ECCC /* HeroCoreAnimationViewContext.swift */; };
		EAC682172C6903E20010ECCC /* HeroDefaultAnimator.swift in Sources */ = {isa = PBXBuildFile; fileRef = EAC681C32C6903E20010ECCC /* HeroDefaultAnimator.swift */; };
		EAC682182C6903E20010ECCC /* HeroViewPropertyViewContext.swift in Sources */ = {isa = PBXBuildFile; fileRef = EAC681C42C6903E20010ECCC /* HeroViewPropertyViewContext.swift */; };
		EAC682192C6903E20010ECCC /* HeroDebugPlugin.swift in Sources */ = {isa = PBXBuildFile; fileRef = EAC681C62C6903E20010ECCC /* HeroDebugPlugin.swift */; };
		EAC6821A2C6903E20010ECCC /* HeroDebugView.swift in Sources */ = {isa = PBXBuildFile; fileRef = EAC681C72C6903E20010ECCC /* HeroDebugView.swift */; };
		EAC6821B2C6903E20010ECCC /* Array+HeroModifier.swift in Sources */ = {isa = PBXBuildFile; fileRef = EAC681C92C6903E20010ECCC /* Array+HeroModifier.swift */; };
		EAC6821C2C6903E20010ECCC /* CALayer+Hero.swift in Sources */ = {isa = PBXBuildFile; fileRef = EAC681CA2C6903E20010ECCC /* CALayer+Hero.swift */; };
		EAC6821D2C6903E20010ECCC /* CAMediaTimingFunction+Hero.swift in Sources */ = {isa = PBXBuildFile; fileRef = EAC681CB2C6903E20010ECCC /* CAMediaTimingFunction+Hero.swift */; };
		EAC6821E2C6903E20010ECCC /* CG+Hero.swift in Sources */ = {isa = PBXBuildFile; fileRef = EAC681CC2C6903E20010ECCC /* CG+Hero.swift */; };
		EAC6821F2C6903E20010ECCC /* DispatchQueue+Hero.swift in Sources */ = {isa = PBXBuildFile; fileRef = EAC681CD2C6903E20010ECCC /* DispatchQueue+Hero.swift */; };
		EAC682202C6903E20010ECCC /* UIKit+Hero.swift in Sources */ = {isa = PBXBuildFile; fileRef = EAC681CE2C6903E20010ECCC /* UIKit+Hero.swift */; };
		EAC682212C6903E20010ECCC /* UIView+Hero.swift in Sources */ = {isa = PBXBuildFile; fileRef = EAC681CF2C6903E20010ECCC /* UIView+Hero.swift */; };
		EAC682222C6903E20010ECCC /* UIViewController+Hero.swift in Sources */ = {isa = PBXBuildFile; fileRef = EAC681D02C6903E20010ECCC /* UIViewController+Hero.swift */; };
		EAC682232C6903E20010ECCC /* HeroStringConvertible.swift in Sources */ = {isa = PBXBuildFile; fileRef = EAC681D22C6903E20010ECCC /* HeroStringConvertible.swift */; };
		EAC682242C6903E20010ECCC /* Lexer.swift in Sources */ = {isa = PBXBuildFile; fileRef = EAC681D32C6903E20010ECCC /* Lexer.swift */; };
		EAC682252C6903E20010ECCC /* Nodes.swift in Sources */ = {isa = PBXBuildFile; fileRef = EAC681D42C6903E20010ECCC /* Nodes.swift */; };
		EAC682262C6903E20010ECCC /* Parser.swift in Sources */ = {isa = PBXBuildFile; fileRef = EAC681D52C6903E20010ECCC /* Parser.swift */; };
		EAC682272C6903E20010ECCC /* Regex.swift in Sources */ = {isa = PBXBuildFile; fileRef = EAC681D62C6903E20010ECCC /* Regex.swift */; };
		EAC682282C6903E20010ECCC /* BasePreprocessor.swift in Sources */ = {isa = PBXBuildFile; fileRef = EAC681D82C6903E20010ECCC /* BasePreprocessor.swift */; };
		EAC682292C6903E20010ECCC /* CascadePreprocessor.swift in Sources */ = {isa = PBXBuildFile; fileRef = EAC681D92C6903E20010ECCC /* CascadePreprocessor.swift */; };
		EAC6822A2C6903E20010ECCC /* ConditionalPreprocessor.swift in Sources */ = {isa = PBXBuildFile; fileRef = EAC681DA2C6903E20010ECCC /* ConditionalPreprocessor.swift */; };
		EAC6822B2C6903E20010ECCC /* DefaultAnimationPreprocessor.swift in Sources */ = {isa = PBXBuildFile; fileRef = EAC681DB2C6903E20010ECCC /* DefaultAnimationPreprocessor.swift */; };
		EAC6822C2C6903E20010ECCC /* IgnoreSubviewModifiersPreprocessor.swift in Sources */ = {isa = PBXBuildFile; fileRef = EAC681DC2C6903E20010ECCC /* IgnoreSubviewModifiersPreprocessor.swift */; };
		EAC6822D2C6903E20010ECCC /* MatchPreprocessor.swift in Sources */ = {isa = PBXBuildFile; fileRef = EAC681DD2C6903E20010ECCC /* MatchPreprocessor.swift */; };
		EAC6822E2C6903E20010ECCC /* SourcePreprocessor.swift in Sources */ = {isa = PBXBuildFile; fileRef = EAC681DE2C6903E20010ECCC /* SourcePreprocessor.swift */; };
		EAC6822F2C6903E20010ECCC /* HeroProgressRunner.swift in Sources */ = {isa = PBXBuildFile; fileRef = EAC681E02C6903E20010ECCC /* HeroProgressRunner.swift */; };
		EAC682302C6903E20010ECCC /* HeroTransition.swift in Sources */ = {isa = PBXBuildFile; fileRef = EAC681E12C6903E20010ECCC /* HeroTransition.swift */; };
		EAC682312C6903E20010ECCC /* HeroTransition+Animate.swift in Sources */ = {isa = PBXBuildFile; fileRef = EAC681E22C6903E20010ECCC /* HeroTransition+Animate.swift */; };
		EAC682322C6903E20010ECCC /* HeroTransition+Complete.swift in Sources */ = {isa = PBXBuildFile; fileRef = EAC681E32C6903E20010ECCC /* HeroTransition+Complete.swift */; };
		EAC682332C6903E20010ECCC /* HeroTransition+CustomTransition.swift in Sources */ = {isa = PBXBuildFile; fileRef = EAC681E42C6903E20010ECCC /* HeroTransition+CustomTransition.swift */; };
		EAC682342C6903E20010ECCC /* HeroTransition+Interactive.swift in Sources */ = {isa = PBXBuildFile; fileRef = EAC681E52C6903E20010ECCC /* HeroTransition+Interactive.swift */; };
		EAC682352C6903E20010ECCC /* HeroTransition+Start.swift in Sources */ = {isa = PBXBuildFile; fileRef = EAC681E62C6903E20010ECCC /* HeroTransition+Start.swift */; };
		EAC682362C6903E20010ECCC /* HeroTransition+UINavigationControllerDelegate.swift in Sources */ = {isa = PBXBuildFile; fileRef = EAC681E72C6903E20010ECCC /* HeroTransition+UINavigationControllerDelegate.swift */; };
		EAC682372C6903E20010ECCC /* HeroTransition+UITabBarControllerDelegate.swift in Sources */ = {isa = PBXBuildFile; fileRef = EAC681E82C6903E20010ECCC /* HeroTransition+UITabBarControllerDelegate.swift */; };
		EAC682382C6903E20010ECCC /* HeroTransition+UIViewControllerTransitioningDelegate.swift in Sources */ = {isa = PBXBuildFile; fileRef = EAC681E92C6903E20010ECCC /* HeroTransition+UIViewControllerTransitioningDelegate.swift */; };
		EAC682392C6903E20010ECCC /* HeroTransitionState.swift in Sources */ = {isa = PBXBuildFile; fileRef = EAC681EA2C6903E20010ECCC /* HeroTransitionState.swift */; };
		EAC6823A2C6903E20010ECCC /* HeroCompatible.swift in Sources */ = {isa = PBXBuildFile; fileRef = EAC681ED2C6903E20010ECCC /* HeroCompatible.swift */; };
		EAC6823B2C6903E20010ECCC /* HeroContext.swift in Sources */ = {isa = PBXBuildFile; fileRef = EAC681EE2C6903E20010ECCC /* HeroContext.swift */; };
		EAC6823C2C6903E20010ECCC /* HeroModifier.swift in Sources */ = {isa = PBXBuildFile; fileRef = EAC681EF2C6903E20010ECCC /* HeroModifier.swift */; };
		EAC6823D2C6903E20010ECCC /* HeroModifier+Advanced.swift in Sources */ = {isa = PBXBuildFile; fileRef = EAC681F02C6903E20010ECCC /* HeroModifier+Advanced.swift */; };
		EAC6823E2C6903E20010ECCC /* HeroModifier+HeroStringConvertible.swift in Sources */ = {isa = PBXBuildFile; fileRef = EAC681F12C6903E20010ECCC /* HeroModifier+HeroStringConvertible.swift */; };
		EAC6823F2C6903E20010ECCC /* HeroPlugin.swift in Sources */ = {isa = PBXBuildFile; fileRef = EAC681F22C6903E20010ECCC /* HeroPlugin.swift */; };
		EAC682402C6903E20010ECCC /* HeroTargetState.swift in Sources */ = {isa = PBXBuildFile; fileRef = EAC681F32C6903E20010ECCC /* HeroTargetState.swift */; };
		EAC682412C6903E20010ECCC /* HeroTypes.swift in Sources */ = {isa = PBXBuildFile; fileRef = EAC681F42C6903E20010ECCC /* HeroTypes.swift */; };
		EAC682422C6903E20010ECCC /* HeroViewControllerDelegate.swift in Sources */ = {isa = PBXBuildFile; fileRef = EAC681F52C6903E20010ECCC /* HeroViewControllerDelegate.swift */; };
		EAC682432C6903E20010ECCC /* SwiftSupport.swift in Sources */ = {isa = PBXBuildFile; fileRef = EAC681F62C6903E20010ECCC /* SwiftSupport.swift */; };
		EAC682442C6903E20010ECCC /* CKRecordConvertible.swift in Sources */ = {isa = PBXBuildFile; fileRef = EAC681F92C6903E20010ECCC /* CKRecordConvertible.swift */; };
		EAC682452C6903E20010ECCC /* CKRecordRecoverable.swift in Sources */ = {isa = PBXBuildFile; fileRef = EAC681FA2C6903E20010ECCC /* CKRecordRecoverable.swift */; };
		EAC682462C6903E20010ECCC /* CreamAsset.swift in Sources */ = {isa = PBXBuildFile; fileRef = EAC681FB2C6903E20010ECCC /* CreamAsset.swift */; };
		EAC682472C6903E20010ECCC /* DatabaseManagerProtocol.swift in Sources */ = {isa = PBXBuildFile; fileRef = EAC681FC2C6903E20010ECCC /* DatabaseManagerProtocol.swift */; };
		EAC682482C6903E20010ECCC /* ErrorHandler.swift in Sources */ = {isa = PBXBuildFile; fileRef = EAC681FD2C6903E20010ECCC /* ErrorHandler.swift */; };
		EAC682492C6903E20010ECCC /* Manifest.swift in Sources */ = {isa = PBXBuildFile; fileRef = EAC681FE2C6903E20010ECCC /* Manifest.swift */; };
		EAC6824A2C6903E20010ECCC /* Notification+Name.swift in Sources */ = {isa = PBXBuildFile; fileRef = EAC681FF2C6903E20010ECCC /* Notification+Name.swift */; };
		EAC6824B2C6903E20010ECCC /* PrivateDatabaseManager.swift in Sources */ = {isa = PBXBuildFile; fileRef = EAC682002C6903E20010ECCC /* PrivateDatabaseManager.swift */; };
		EAC6824C2C6903E20010ECCC /* PublicDatabaseManager.swift in Sources */ = {isa = PBXBuildFile; fileRef = EAC682012C6903E20010ECCC /* PublicDatabaseManager.swift */; };
		EAC6824D2C6903E20010ECCC /* Syncable.swift in Sources */ = {isa = PBXBuildFile; fileRef = EAC682022C6903E20010ECCC /* Syncable.swift */; };
		EAC6824E2C6903E20010ECCC /* SyncEngine.swift in Sources */ = {isa = PBXBuildFile; fileRef = EAC682032C6903E20010ECCC /* SyncEngine.swift */; };
		EAC6824F2C6903E20010ECCC /* SyncObject.swift in Sources */ = {isa = PBXBuildFile; fileRef = EAC682042C6903E20010ECCC /* SyncObject.swift */; };
		EAC682502C6903E20010ECCC /* MadokaTextField.swift in Sources */ = {isa = PBXBuildFile; fileRef = EAC682062C6903E20010ECCC /* MadokaTextField.swift */; };
		EAC682512C6903E20010ECCC /* TextFieldEffects.swift in Sources */ = {isa = PBXBuildFile; fileRef = EAC682082C6903E20010ECCC /* TextFieldEffects.swift */; };
		EAC682562C6903EA0010ECCC /* Assets.xcassets in Resources */ = {isa = PBXBuildFile; fileRef = EAC682522C6903EA0010ECCC /* Assets.xcassets */; };
		EAC682572C6903EA0010ECCC /* Info.plist in Resources */ = {isa = PBXBuildFile; fileRef = EAC682542C6903EA0010ECCC /* Info.plist */; };
/* End PBXBuildFile section */

/* Begin PBXContainerItemProxy section */
		EA6088442BF6F11B00DA07D7 /* PBXContainerItemProxy */ = {
			isa = PBXContainerItemProxy;
			containerPortal = EA6088252BF6F11A00DA07D7 /* Project object */;
			proxyType = 1;
			remoteGlobalIDString = EA60882C2BF6F11A00DA07D7;
			remoteInfo = TodorimMVC;
		};
		EA60884E2BF6F11B00DA07D7 /* PBXContainerItemProxy */ = {
			isa = PBXContainerItemProxy;
			containerPortal = EA6088252BF6F11A00DA07D7 /* Project object */;
			proxyType = 1;
			remoteGlobalIDString = EA60882C2BF6F11A00DA07D7;
			remoteInfo = TodorimMVC;
		};
/* End PBXContainerItemProxy section */

/* Begin PBXFileReference section */
		1BF3DDE9AD677B9FCDBF0179 /* Pods-TodorimMVC.release.xcconfig */ = {isa = PBXFileReference; includeInIndex = 1; lastKnownFileType = text.xcconfig; name = "Pods-TodorimMVC.release.xcconfig"; path = "Target Support Files/Pods-TodorimMVC/Pods-TodorimMVC.release.xcconfig"; sourceTree = "<group>"; };
		2F19D903CFDF125B7A831A11 /* Pods_TodorimMVCTests.framework */ = {isa = PBXFileReference; explicitFileType = wrapper.framework; includeInIndex = 0; path = Pods_TodorimMVCTests.framework; sourceTree = BUILT_PRODUCTS_DIR; };
		30C7508212D26F38EA7E46EB /* Pods_TodorimMVC_TodorimMVCUITests.framework */ = {isa = PBXFileReference; explicitFileType = wrapper.framework; includeInIndex = 0; path = Pods_TodorimMVC_TodorimMVCUITests.framework; sourceTree = BUILT_PRODUCTS_DIR; };
		49279A11A79BC17659E39B6B /* Pods-TodorimMVC.debug.xcconfig */ = {isa = PBXFileReference; includeInIndex = 1; lastKnownFileType = text.xcconfig; name = "Pods-TodorimMVC.debug.xcconfig"; path = "Target Support Files/Pods-TodorimMVC/Pods-TodorimMVC.debug.xcconfig"; sourceTree = "<group>"; };
		4C96283325681C86FAFB4449 /* Pods-TodorimMVCTests.debug.xcconfig */ = {isa = PBXFileReference; includeInIndex = 1; lastKnownFileType = text.xcconfig; name = "Pods-TodorimMVCTests.debug.xcconfig"; path = "Target Support Files/Pods-TodorimMVCTests/Pods-TodorimMVCTests.debug.xcconfig"; sourceTree = "<group>"; };
		53C0999CE823C803C51D5D43 /* Pods-TodorimMVC-TodorimMVCUITests.debug.xcconfig */ = {isa = PBXFileReference; includeInIndex = 1; lastKnownFileType = text.xcconfig; name = "Pods-TodorimMVC-TodorimMVCUITests.debug.xcconfig"; path = "Target Support Files/Pods-TodorimMVC-TodorimMVCUITests/Pods-TodorimMVC-TodorimMVCUITests.debug.xcconfig"; sourceTree = "<group>"; };
		E5B4362F0F23248F4E503F83 /* Pods_TodorimMVC.framework */ = {isa = PBXFileReference; explicitFileType = wrapper.framework; includeInIndex = 0; path = Pods_TodorimMVC.framework; sourceTree = BUILT_PRODUCTS_DIR; };
		E98C2CB1575D25B16AC4CF56 /* Pods-TodorimMVC-TodorimMVCUITests.release.xcconfig */ = {isa = PBXFileReference; includeInIndex = 1; lastKnownFileType = text.xcconfig; name = "Pods-TodorimMVC-TodorimMVCUITests.release.xcconfig"; path = "Target Support Files/Pods-TodorimMVC-TodorimMVCUITests/Pods-TodorimMVC-TodorimMVCUITests.release.xcconfig"; sourceTree = "<group>"; };
		EA60882D2BF6F11A00DA07D7 /* TodorimMVC.app */ = {isa = PBXFileReference; explicitFileType = wrapper.application; includeInIndex = 0; path = TodorimMVC.app; sourceTree = BUILT_PRODUCTS_DIR; };
		EA6088432BF6F11B00DA07D7 /* TodorimMVCTests.xctest */ = {isa = PBXFileReference; explicitFileType = wrapper.cfbundle; includeInIndex = 0; path = TodorimMVCTests.xctest; sourceTree = BUILT_PRODUCTS_DIR; };
		EA6088472BF6F11B00DA07D7 /* TodorimMVCTests.swift */ = {isa = PBXFileReference; lastKnownFileType = sourcecode.swift; path = TodorimMVCTests.swift; sourceTree = "<group>"; };
		EA60884D2BF6F11B00DA07D7 /* TodorimMVCUITests.xctest */ = {isa = PBXFileReference; explicitFileType = wrapper.cfbundle; includeInIndex = 0; path = TodorimMVCUITests.xctest; sourceTree = BUILT_PRODUCTS_DIR; };
		EA6088512BF6F11B00DA07D7 /* TodorimMVCUITests.swift */ = {isa = PBXFileReference; lastKnownFileType = sourcecode.swift; path = TodorimMVCUITests.swift; sourceTree = "<group>"; };
		EA6088532BF6F11B00DA07D7 /* TodorimMVCUITestsLaunchTests.swift */ = {isa = PBXFileReference; lastKnownFileType = sourcecode.swift; path = TodorimMVCUITestsLaunchTests.swift; sourceTree = "<group>"; };
		EAC681452C6903B00010ECCC /* DataGroup.swift */ = {isa = PBXFileReference; fileEncoding = 4; lastKnownFileType = sourcecode.swift; path = DataGroup.swift; sourceTree = "<group>"; };
		EAC681462C6903B00010ECCC /* DataTask.swift */ = {isa = PBXFileReference; fileEncoding = 4; lastKnownFileType = sourcecode.swift; path = DataTask.swift; sourceTree = "<group>"; };
		EAC681472C6903B00010ECCC /* DataTaskv2.swift */ = {isa = PBXFileReference; fileEncoding = 4; lastKnownFileType = sourcecode.swift; path = DataTaskv2.swift; sourceTree = "<group>"; };
		EAC681482C6903B00010ECCC /* NotiConfig.swift */ = {isa = PBXFileReference; fileEncoding = 4; lastKnownFileType = sourcecode.swift; path = NotiConfig.swift; sourceTree = "<group>"; };
		EAC6814F2C6903BE0010ECCC /* CustomDatePicker.swift */ = {isa = PBXFileReference; fileEncoding = 4; lastKnownFileType = sourcecode.swift; path = CustomDatePicker.swift; sourceTree = "<group>"; };
		EAC681502C6903BE0010ECCC /* CustomDayPicker.swift */ = {isa = PBXFileReference; fileEncoding = 4; lastKnownFileType = sourcecode.swift; path = CustomDayPicker.swift; sourceTree = "<group>"; };
		EAC681512C6903BE0010ECCC /* CustomGroupPicker.swift */ = {isa = PBXFileReference; fileEncoding = 4; lastKnownFileType = sourcecode.swift; path = CustomGroupPicker.swift; sourceTree = "<group>"; };
		EAC681522C6903BE0010ECCC /* CustomTabButton.swift */ = {isa = PBXFileReference; fileEncoding = 4; lastKnownFileType = sourcecode.swift; path = CustomTabButton.swift; sourceTree = "<group>"; };
		EAC681532C6903BE0010ECCC /* CustomTextField.swift */ = {isa = PBXFileReference; fileEncoding = 4; lastKnownFileType = sourcecode.swift; path = CustomTextField.swift; sourceTree = "<group>"; };
		EAC681542C6903BE0010ECCC /* CustomTextFieldCusor.swift */ = {isa = PBXFileReference; fileEncoding = 4; lastKnownFileType = sourcecode.swift; path = CustomTextFieldCusor.swift; sourceTree = "<group>"; };
		EAC681552C6903BE0010ECCC /* CustomTimePicker.swift */ = {isa = PBXFileReference; fileEncoding = 4; lastKnownFileType = sourcecode.swift; path = CustomTimePicker.swift; sourceTree = "<group>"; };
		EAC681562C6903BE0010ECCC /* CustomWeekPicker.swift */ = {isa = PBXFileReference; fileEncoding = 4; lastKnownFileType = sourcecode.swift; path = CustomWeekPicker.swift; sourceTree = "<group>"; };
		EAC681582C6903BE0010ECCC /* AppDelegate.swift */ = {isa = PBXFileReference; fileEncoding = 4; lastKnownFileType = sourcecode.swift; path = AppDelegate.swift; sourceTree = "<group>"; };
		EAC681592C6903BE0010ECCC /* CommonGroup.swift */ = {isa = PBXFileReference; fileEncoding = 4; lastKnownFileType = sourcecode.swift; path = CommonGroup.swift; sourceTree = "<group>"; };
		EAC6815A2C6903BE0010ECCC /* CommonNav.swift */ = {isa = PBXFileReference; fileEncoding = 4; lastKnownFileType = sourcecode.swift; path = CommonNav.swift; sourceTree = "<group>"; };
		EAC6815B2C6903BE0010ECCC /* CommonNoti.swift */ = {isa = PBXFileReference; fileEncoding = 4; lastKnownFileType = sourcecode.swift; path = "\U0010CommonNoti.swift"; sourceTree = "<group>"; };
		EAC6815C2C6903BE0010ECCC /* CommonRealmDB.swift */ = {isa = PBXFileReference; fileEncoding = 4; lastKnownFileType = sourcecode.swift; path = CommonRealmDB.swift; sourceTree = "<group>"; };
		EAC6815D2C6903BE0010ECCC /* CommonSetting.swift */ = {isa = PBXFileReference; fileEncoding = 4; lastKnownFileType = sourcecode.swift; path = CommonSetting.swift; sourceTree = "<group>"; };
		EAC6816D2C6903C60010ECCC /* AddGroupCell.swift */ = {isa = PBXFileReference; fileEncoding = 4; lastKnownFileType = sourcecode.swift; path = AddGroupCell.swift; sourceTree = "<group>"; };
		EAC6816E2C6903C60010ECCC /* AddGroupCell.xib */ = {isa = PBXFileReference; fileEncoding = 4; lastKnownFileType = file.xib; path = AddGroupCell.xib; sourceTree = "<group>"; };
		EAC6816F2C6903C60010ECCC /* GroupCell.swift */ = {isa = PBXFileReference; fileEncoding = 4; lastKnownFileType = sourcecode.swift; path = GroupCell.swift; sourceTree = "<group>"; };
		EAC681702C6903C60010ECCC /* GroupCell.xib */ = {isa = PBXFileReference; fileEncoding = 4; lastKnownFileType = file.xib; path = GroupCell.xib; sourceTree = "<group>"; };
		EAC681712C6903C60010ECCC /* GroupColorCell.swift */ = {isa = PBXFileReference; fileEncoding = 4; lastKnownFileType = sourcecode.swift; path = GroupColorCell.swift; sourceTree = "<group>"; };
		EAC681722C6903C60010ECCC /* GroupColorCell.xib */ = {isa = PBXFileReference; fileEncoding = 4; lastKnownFileType = file.xib; path = GroupColorCell.xib; sourceTree = "<group>"; };
		EAC681732C6903C60010ECCC /* GroupTaskCell.swift */ = {isa = PBXFileReference; fileEncoding = 4; lastKnownFileType = sourcecode.swift; path = GroupTaskCell.swift; sourceTree = "<group>"; };
		EAC681742C6903C60010ECCC /* GroupTaskCell.xib */ = {isa = PBXFileReference; fileEncoding = 4; lastKnownFileType = file.xib; path = GroupTaskCell.xib; sourceTree = "<group>"; };
		EAC681762C6903C60010ECCC /* AddGroupVC.swift */ = {isa = PBXFileReference; fileEncoding = 4; lastKnownFileType = sourcecode.swift; path = AddGroupVC.swift; sourceTree = "<group>"; };
		EAC681772C6903C60010ECCC /* GroupTaskVC.swift */ = {isa = PBXFileReference; fileEncoding = 4; lastKnownFileType = sourcecode.swift; path = GroupTaskVC.swift; sourceTree = "<group>"; };
		EAC681782C6903C60010ECCC /* GroupVC.swift */ = {isa = PBXFileReference; fileEncoding = 4; lastKnownFileType = sourcecode.swift; path = GroupVC.swift; sourceTree = "<group>"; };
		EAC681792C6903C60010ECCC /* ModifyGroupVC.swift */ = {isa = PBXFileReference; fileEncoding = 4; lastKnownFileType = sourcecode.swift; path = ModifyGroupVC.swift; sourceTree = "<group>"; };
		EAC6817B2C6903C60010ECCC /* IntroVC.swift */ = {isa = PBXFileReference; fileEncoding = 4; lastKnownFileType = sourcecode.swift; path = IntroVC.swift; sourceTree = "<group>"; };
		EAC6817D2C6903C60010ECCC /* TabBarVC.swift */ = {isa = PBXFileReference; fileEncoding = 4; lastKnownFileType = sourcecode.swift; path = TabBarVC.swift; sourceTree = "<group>"; };
		EAC6817F2C6903C60010ECCC /* TaskCell.swift */ = {isa = PBXFileReference; fileEncoding = 4; lastKnownFileType = sourcecode.swift; path = TaskCell.swift; sourceTree = "<group>"; };
		EAC681802C6903C60010ECCC /* TaskCell.xib */ = {isa = PBXFileReference; fileEncoding = 4; lastKnownFileType = file.xib; path = TaskCell.xib; sourceTree = "<group>"; };
		EAC681812C6903C60010ECCC /* TaskOneNotiCell.swift */ = {isa = PBXFileReference; fileEncoding = 4; lastKnownFileType = sourcecode.swift; path = TaskOneNotiCell.swift; sourceTree = "<group>"; };
		EAC681822C6903C60010ECCC /* TaskOneNotiCell.xib */ = {isa = PBXFileReference; fileEncoding = 4; lastKnownFileType = file.xib; path = TaskOneNotiCell.xib; sourceTree = "<group>"; };
		EAC681832C6903C60010ECCC /* TaskTwoNotiCell.swift */ = {isa = PBXFileReference; fileEncoding = 4; lastKnownFileType = sourcecode.swift; path = TaskTwoNotiCell.swift; sourceTree = "<group>"; };
		EAC681842C6903C60010ECCC /* TaskTwoNotiCell.xib */ = {isa = PBXFileReference; fileEncoding = 4; lastKnownFileType = file.xib; path = TaskTwoNotiCell.xib; sourceTree = "<group>"; };
		EAC681862C6903C60010ECCC /* AddTaskVC.swift */ = {isa = PBXFileReference; fileEncoding = 4; lastKnownFileType = sourcecode.swift; path = AddTaskVC.swift; sourceTree = "<group>"; };
		EAC681872C6903C60010ECCC /* SearchLocationMapVC.swift */ = {isa = PBXFileReference; fileEncoding = 4; lastKnownFileType = sourcecode.swift; path = SearchLocationMapVC.swift; sourceTree = "<group>"; };
		EAC681882C6903C60010ECCC /* SearchLocationTVC.swift */ = {isa = PBXFileReference; fileEncoding = 4; lastKnownFileType = sourcecode.swift; path = SearchLocationTVC.swift; sourceTree = "<group>"; };
		EAC681892C6903C60010ECCC /* SearchLocationVC.swift */ = {isa = PBXFileReference; fileEncoding = 4; lastKnownFileType = sourcecode.swift; path = SearchLocationVC.swift; sourceTree = "<group>"; };
		EAC681A42C6903D80010ECCC /* Group.storyboard */ = {isa = PBXFileReference; fileEncoding = 4; lastKnownFileType = file.storyboard; path = Group.storyboard; sourceTree = "<group>"; };
		EAC681A52C6903D80010ECCC /* Intro.storyboard */ = {isa = PBXFileReference; fileEncoding = 4; lastKnownFileType = file.storyboard; path = Intro.storyboard; sourceTree = "<group>"; };
		EAC681A62C6903D80010ECCC /* Base */ = {isa = PBXFileReference; lastKnownFileType = file.storyboard; name = Base; path = Base.lproj/LaunchScreen.storyboard; sourceTree = "<group>"; };
		EAC681A82C6903D80010ECCC /* Base */ = {isa = PBXFileReference; lastKnownFileType = file.storyboard; name = Base; path = Base.lproj/Main.storyboard; sourceTree = "<group>"; };
		EAC681AA2C6903D80010ECCC /* Task.storyboard */ = {isa = PBXFileReference; fileEncoding = 4; lastKnownFileType = file.storyboard; path = Task.storyboard; sourceTree = "<group>"; };
		EAC681B12C6903E20010ECCC /* CustomizedTabBar.swift */ = {isa = PBXFileReference; fileEncoding = 4; lastKnownFileType = sourcecode.swift; path = CustomizedTabBar.swift; sourceTree = "<group>"; };
		EAC681B32C6903E20010ECCC /* DateHelper.h */ = {isa = PBXFileReference; fileEncoding = 4; lastKnownFileType = sourcecode.c.h; path = DateHelper.h; sourceTree = "<group>"; };
		EAC681B42C6903E20010ECCC /* DateHelper.swift */ = {isa = PBXFileReference; fileEncoding = 4; lastKnownFileType = sourcecode.swift; path = DateHelper.swift; sourceTree = "<group>"; };
		EAC681B62C6903E20010ECCC /* CAGradientLayerExtension.swift */ = {isa = PBXFileReference; fileEncoding = 4; lastKnownFileType = sourcecode.swift; path = CAGradientLayerExtension.swift; sourceTree = "<group>"; };
		EAC681B72C6903E20010ECCC /* DateExtension.swift */ = {isa = PBXFileReference; fileEncoding = 4; lastKnownFileType = sourcecode.swift; path = DateExtension.swift; sourceTree = "<group>"; };
		EAC681B82C6903E20010ECCC /* DoubleExtension.swift */ = {isa = PBXFileReference; fileEncoding = 4; lastKnownFileType = sourcecode.swift; path = DoubleExtension.swift; sourceTree = "<group>"; };
		EAC681B92C6903E20010ECCC /* StringExtension.swift */ = {isa = PBXFileReference; fileEncoding = 4; lastKnownFileType = sourcecode.swift; path = StringExtension.swift; sourceTree = "<group>"; };
		EAC681BA2C6903E20010ECCC /* UIColorExtension.swift */ = {isa = PBXFileReference; fileEncoding = 4; lastKnownFileType = sourcecode.swift; path = UIColorExtension.swift; sourceTree = "<group>"; };
		EAC681BB2C6903E20010ECCC /* UITextFieldExtension.swift */ = {isa = PBXFileReference; fileEncoding = 4; lastKnownFileType = sourcecode.swift; path = UITextFieldExtension.swift; sourceTree = "<group>"; };
		EAC681BD2C6903E20010ECCC /* FAPaginationLayout.swift */ = {isa = PBXFileReference; fileEncoding = 4; lastKnownFileType = sourcecode.swift; path = FAPaginationLayout.swift; sourceTree = "<group>"; };
		EAC681BF2C6903E20010ECCC /* Geotification.swift */ = {isa = PBXFileReference; fileEncoding = 4; lastKnownFileType = sourcecode.swift; path = Geotification.swift; sourceTree = "<group>"; };
		EAC681C12C6903E20010ECCC /* HeroAnimatorViewContext.swift */ = {isa = PBXFileReference; fileEncoding = 4; lastKnownFileType = sourcecode.swift; path = HeroAnimatorViewContext.swift; sourceTree = "<group>"; };
		EAC681C22C6903E20010ECCC /* HeroCoreAnimationViewContext.swift */ = {isa = PBXFileReference; fileEncoding = 4; lastKnownFileType = sourcecode.swift; path = HeroCoreAnimationViewContext.swift; sourceTree = "<group>"; };
		EAC681C32C6903E20010ECCC /* HeroDefaultAnimator.swift */ = {isa = PBXFileReference; fileEncoding = 4; lastKnownFileType = sourcecode.swift; path = HeroDefaultAnimator.swift; sourceTree = "<group>"; };
		EAC681C42C6903E20010ECCC /* HeroViewPropertyViewContext.swift */ = {isa = PBXFileReference; fileEncoding = 4; lastKnownFileType = sourcecode.swift; path = HeroViewPropertyViewContext.swift; sourceTree = "<group>"; };
		EAC681C62C6903E20010ECCC /* HeroDebugPlugin.swift */ = {isa = PBXFileReference; fileEncoding = 4; lastKnownFileType = sourcecode.swift; path = HeroDebugPlugin.swift; sourceTree = "<group>"; };
		EAC681C72C6903E20010ECCC /* HeroDebugView.swift */ = {isa = PBXFileReference; fileEncoding = 4; lastKnownFileType = sourcecode.swift; path = HeroDebugView.swift; sourceTree = "<group>"; };
		EAC681C92C6903E20010ECCC /* Array+HeroModifier.swift */ = {isa = PBXFileReference; fileEncoding = 4; lastKnownFileType = sourcecode.swift; path = "Array+HeroModifier.swift"; sourceTree = "<group>"; };
		EAC681CA2C6903E20010ECCC /* CALayer+Hero.swift */ = {isa = PBXFileReference; fileEncoding = 4; lastKnownFileType = sourcecode.swift; path = "CALayer+Hero.swift"; sourceTree = "<group>"; };
		EAC681CB2C6903E20010ECCC /* CAMediaTimingFunction+Hero.swift */ = {isa = PBXFileReference; fileEncoding = 4; lastKnownFileType = sourcecode.swift; path = "CAMediaTimingFunction+Hero.swift"; sourceTree = "<group>"; };
		EAC681CC2C6903E20010ECCC /* CG+Hero.swift */ = {isa = PBXFileReference; fileEncoding = 4; lastKnownFileType = sourcecode.swift; path = "CG+Hero.swift"; sourceTree = "<group>"; };
		EAC681CD2C6903E20010ECCC /* DispatchQueue+Hero.swift */ = {isa = PBXFileReference; fileEncoding = 4; lastKnownFileType = sourcecode.swift; path = "DispatchQueue+Hero.swift"; sourceTree = "<group>"; };
		EAC681CE2C6903E20010ECCC /* UIKit+Hero.swift */ = {isa = PBXFileReference; fileEncoding = 4; lastKnownFileType = sourcecode.swift; path = "UIKit+Hero.swift"; sourceTree = "<group>"; };
		EAC681CF2C6903E20010ECCC /* UIView+Hero.swift */ = {isa = PBXFileReference; fileEncoding = 4; lastKnownFileType = sourcecode.swift; path = "UIView+Hero.swift"; sourceTree = "<group>"; };
		EAC681D02C6903E20010ECCC /* UIViewController+Hero.swift */ = {isa = PBXFileReference; fileEncoding = 4; lastKnownFileType = sourcecode.swift; path = "UIViewController+Hero.swift"; sourceTree = "<group>"; };
		EAC681D22C6903E20010ECCC /* HeroStringConvertible.swift */ = {isa = PBXFileReference; fileEncoding = 4; lastKnownFileType = sourcecode.swift; path = HeroStringConvertible.swift; sourceTree = "<group>"; };
		EAC681D32C6903E20010ECCC /* Lexer.swift */ = {isa = PBXFileReference; fileEncoding = 4; lastKnownFileType = sourcecode.swift; path = Lexer.swift; sourceTree = "<group>"; };
		EAC681D42C6903E20010ECCC /* Nodes.swift */ = {isa = PBXFileReference; fileEncoding = 4; lastKnownFileType = sourcecode.swift; path = Nodes.swift; sourceTree = "<group>"; };
		EAC681D52C6903E20010ECCC /* Parser.swift */ = {isa = PBXFileReference; fileEncoding = 4; lastKnownFileType = sourcecode.swift; path = Parser.swift; sourceTree = "<group>"; };
		EAC681D62C6903E20010ECCC /* Regex.swift */ = {isa = PBXFileReference; fileEncoding = 4; lastKnownFileType = sourcecode.swift; path = Regex.swift; sourceTree = "<group>"; };
		EAC681D82C6903E20010ECCC /* BasePreprocessor.swift */ = {isa = PBXFileReference; fileEncoding = 4; lastKnownFileType = sourcecode.swift; path = BasePreprocessor.swift; sourceTree = "<group>"; };
		EAC681D92C6903E20010ECCC /* CascadePreprocessor.swift */ = {isa = PBXFileReference; fileEncoding = 4; lastKnownFileType = sourcecode.swift; path = CascadePreprocessor.swift; sourceTree = "<group>"; };
		EAC681DA2C6903E20010ECCC /* ConditionalPreprocessor.swift */ = {isa = PBXFileReference; fileEncoding = 4; lastKnownFileType = sourcecode.swift; path = ConditionalPreprocessor.swift; sourceTree = "<group>"; };
		EAC681DB2C6903E20010ECCC /* DefaultAnimationPreprocessor.swift */ = {isa = PBXFileReference; fileEncoding = 4; lastKnownFileType = sourcecode.swift; path = DefaultAnimationPreprocessor.swift; sourceTree = "<group>"; };
		EAC681DC2C6903E20010ECCC /* IgnoreSubviewModifiersPreprocessor.swift */ = {isa = PBXFileReference; fileEncoding = 4; lastKnownFileType = sourcecode.swift; path = IgnoreSubviewModifiersPreprocessor.swift; sourceTree = "<group>"; };
		EAC681DD2C6903E20010ECCC /* MatchPreprocessor.swift */ = {isa = PBXFileReference; fileEncoding = 4; lastKnownFileType = sourcecode.swift; path = MatchPreprocessor.swift; sourceTree = "<group>"; };
		EAC681DE2C6903E20010ECCC /* SourcePreprocessor.swift */ = {isa = PBXFileReference; fileEncoding = 4; lastKnownFileType = sourcecode.swift; path = SourcePreprocessor.swift; sourceTree = "<group>"; };
		EAC681E02C6903E20010ECCC /* HeroProgressRunner.swift */ = {isa = PBXFileReference; fileEncoding = 4; lastKnownFileType = sourcecode.swift; path = HeroProgressRunner.swift; sourceTree = "<group>"; };
		EAC681E12C6903E20010ECCC /* HeroTransition.swift */ = {isa = PBXFileReference; fileEncoding = 4; lastKnownFileType = sourcecode.swift; path = HeroTransition.swift; sourceTree = "<group>"; };
		EAC681E22C6903E20010ECCC /* HeroTransition+Animate.swift */ = {isa = PBXFileReference; fileEncoding = 4; lastKnownFileType = sourcecode.swift; path = "HeroTransition+Animate.swift"; sourceTree = "<group>"; };
		EAC681E32C6903E20010ECCC /* HeroTransition+Complete.swift */ = {isa = PBXFileReference; fileEncoding = 4; lastKnownFileType = sourcecode.swift; path = "HeroTransition+Complete.swift"; sourceTree = "<group>"; };
		EAC681E42C6903E20010ECCC /* HeroTransition+CustomTransition.swift */ = {isa = PBXFileReference; fileEncoding = 4; lastKnownFileType = sourcecode.swift; path = "HeroTransition+CustomTransition.swift"; sourceTree = "<group>"; };
		EAC681E52C6903E20010ECCC /* HeroTransition+Interactive.swift */ = {isa = PBXFileReference; fileEncoding = 4; lastKnownFileType = sourcecode.swift; path = "HeroTransition+Interactive.swift"; sourceTree = "<group>"; };
		EAC681E62C6903E20010ECCC /* HeroTransition+Start.swift */ = {isa = PBXFileReference; fileEncoding = 4; lastKnownFileType = sourcecode.swift; path = "HeroTransition+Start.swift"; sourceTree = "<group>"; };
		EAC681E72C6903E20010ECCC /* HeroTransition+UINavigationControllerDelegate.swift */ = {isa = PBXFileReference; fileEncoding = 4; lastKnownFileType = sourcecode.swift; path = "HeroTransition+UINavigationControllerDelegate.swift"; sourceTree = "<group>"; };
		EAC681E82C6903E20010ECCC /* HeroTransition+UITabBarControllerDelegate.swift */ = {isa = PBXFileReference; fileEncoding = 4; lastKnownFileType = sourcecode.swift; path = "HeroTransition+UITabBarControllerDelegate.swift"; sourceTree = "<group>"; };
		EAC681E92C6903E20010ECCC /* HeroTransition+UIViewControllerTransitioningDelegate.swift */ = {isa = PBXFileReference; fileEncoding = 4; lastKnownFileType = sourcecode.swift; path = "HeroTransition+UIViewControllerTransitioningDelegate.swift"; sourceTree = "<group>"; };
		EAC681EA2C6903E20010ECCC /* HeroTransitionState.swift */ = {isa = PBXFileReference; fileEncoding = 4; lastKnownFileType = sourcecode.swift; path = HeroTransitionState.swift; sourceTree = "<group>"; };
		EAC681EC2C6903E20010ECCC /* Hero.h */ = {isa = PBXFileReference; fileEncoding = 4; lastKnownFileType = sourcecode.c.h; path = Hero.h; sourceTree = "<group>"; };
		EAC681ED2C6903E20010ECCC /* HeroCompatible.swift */ = {isa = PBXFileReference; fileEncoding = 4; lastKnownFileType = sourcecode.swift; path = HeroCompatible.swift; sourceTree = "<group>"; };
		EAC681EE2C6903E20010ECCC /* HeroContext.swift */ = {isa = PBXFileReference; fileEncoding = 4; lastKnownFileType = sourcecode.swift; path = HeroContext.swift; sourceTree = "<group>"; };
		EAC681EF2C6903E20010ECCC /* HeroModifier.swift */ = {isa = PBXFileReference; fileEncoding = 4; lastKnownFileType = sourcecode.swift; path = HeroModifier.swift; sourceTree = "<group>"; };
		EAC681F02C6903E20010ECCC /* HeroModifier+Advanced.swift */ = {isa = PBXFileReference; fileEncoding = 4; lastKnownFileType = sourcecode.swift; path = "HeroModifier+Advanced.swift"; sourceTree = "<group>"; };
		EAC681F12C6903E20010ECCC /* HeroModifier+HeroStringConvertible.swift */ = {isa = PBXFileReference; fileEncoding = 4; lastKnownFileType = sourcecode.swift; path = "HeroModifier+HeroStringConvertible.swift"; sourceTree = "<group>"; };
		EAC681F22C6903E20010ECCC /* HeroPlugin.swift */ = {isa = PBXFileReference; fileEncoding = 4; lastKnownFileType = sourcecode.swift; path = HeroPlugin.swift; sourceTree = "<group>"; };
		EAC681F32C6903E20010ECCC /* HeroTargetState.swift */ = {isa = PBXFileReference; fileEncoding = 4; lastKnownFileType = sourcecode.swift; path = HeroTargetState.swift; sourceTree = "<group>"; };
		EAC681F42C6903E20010ECCC /* HeroTypes.swift */ = {isa = PBXFileReference; fileEncoding = 4; lastKnownFileType = sourcecode.swift; path = HeroTypes.swift; sourceTree = "<group>"; };
		EAC681F52C6903E20010ECCC /* HeroViewControllerDelegate.swift */ = {isa = PBXFileReference; fileEncoding = 4; lastKnownFileType = sourcecode.swift; path = HeroViewControllerDelegate.swift; sourceTree = "<group>"; };
		EAC681F62C6903E20010ECCC /* SwiftSupport.swift */ = {isa = PBXFileReference; fileEncoding = 4; lastKnownFileType = sourcecode.swift; path = SwiftSupport.swift; sourceTree = "<group>"; };
		EAC681F92C6903E20010ECCC /* CKRecordConvertible.swift */ = {isa = PBXFileReference; fileEncoding = 4; lastKnownFileType = sourcecode.swift; path = CKRecordConvertible.swift; sourceTree = "<group>"; };
		EAC681FA2C6903E20010ECCC /* CKRecordRecoverable.swift */ = {isa = PBXFileReference; fileEncoding = 4; lastKnownFileType = sourcecode.swift; path = CKRecordRecoverable.swift; sourceTree = "<group>"; };
		EAC681FB2C6903E20010ECCC /* CreamAsset.swift */ = {isa = PBXFileReference; fileEncoding = 4; lastKnownFileType = sourcecode.swift; path = CreamAsset.swift; sourceTree = "<group>"; };
		EAC681FC2C6903E20010ECCC /* DatabaseManagerProtocol.swift */ = {isa = PBXFileReference; fileEncoding = 4; lastKnownFileType = sourcecode.swift; path = DatabaseManagerProtocol.swift; sourceTree = "<group>"; };
		EAC681FD2C6903E20010ECCC /* ErrorHandler.swift */ = {isa = PBXFileReference; fileEncoding = 4; lastKnownFileType = sourcecode.swift; path = ErrorHandler.swift; sourceTree = "<group>"; };
		EAC681FE2C6903E20010ECCC /* Manifest.swift */ = {isa = PBXFileReference; fileEncoding = 4; lastKnownFileType = sourcecode.swift; path = Manifest.swift; sourceTree = "<group>"; };
		EAC681FF2C6903E20010ECCC /* Notification+Name.swift */ = {isa = PBXFileReference; fileEncoding = 4; lastKnownFileType = sourcecode.swift; path = "Notification+Name.swift"; sourceTree = "<group>"; };
		EAC682002C6903E20010ECCC /* PrivateDatabaseManager.swift */ = {isa = PBXFileReference; fileEncoding = 4; lastKnownFileType = sourcecode.swift; path = PrivateDatabaseManager.swift; sourceTree = "<group>"; };
		EAC682012C6903E20010ECCC /* PublicDatabaseManager.swift */ = {isa = PBXFileReference; fileEncoding = 4; lastKnownFileType = sourcecode.swift; path = PublicDatabaseManager.swift; sourceTree = "<group>"; };
		EAC682022C6903E20010ECCC /* Syncable.swift */ = {isa = PBXFileReference; fileEncoding = 4; lastKnownFileType = sourcecode.swift; path = Syncable.swift; sourceTree = "<group>"; };
		EAC682032C6903E20010ECCC /* SyncEngine.swift */ = {isa = PBXFileReference; fileEncoding = 4; lastKnownFileType = sourcecode.swift; path = SyncEngine.swift; sourceTree = "<group>"; };
		EAC682042C6903E20010ECCC /* SyncObject.swift */ = {isa = PBXFileReference; fileEncoding = 4; lastKnownFileType = sourcecode.swift; path = SyncObject.swift; sourceTree = "<group>"; };
		EAC682062C6903E20010ECCC /* MadokaTextField.swift */ = {isa = PBXFileReference; fileEncoding = 4; lastKnownFileType = sourcecode.swift; path = MadokaTextField.swift; sourceTree = "<group>"; };
		EAC682072C6903E20010ECCC /* TextFieldEffects.h */ = {isa = PBXFileReference; fileEncoding = 4; lastKnownFileType = sourcecode.c.h; path = TextFieldEffects.h; sourceTree = "<group>"; };
		EAC682082C6903E20010ECCC /* TextFieldEffects.swift */ = {isa = PBXFileReference; fileEncoding = 4; lastKnownFileType = sourcecode.swift; path = TextFieldEffects.swift; sourceTree = "<group>"; };
		EAC682522C6903EA0010ECCC /* Assets.xcassets */ = {isa = PBXFileReference; lastKnownFileType = folder.assetcatalog; path = Assets.xcassets; sourceTree = "<group>"; };
		EAC682542C6903EA0010ECCC /* Info.plist */ = {isa = PBXFileReference; fileEncoding = 4; lastKnownFileType = text.plist.xml; path = Info.plist; sourceTree = "<group>"; };
		F457AE0DB2B5A98DA18B8040 /* Pods-TodorimMVCTests.release.xcconfig */ = {isa = PBXFileReference; includeInIndex = 1; lastKnownFileType = text.xcconfig; name = "Pods-TodorimMVCTests.release.xcconfig"; path = "Target Support Files/Pods-TodorimMVCTests/Pods-TodorimMVCTests.release.xcconfig"; sourceTree = "<group>"; };
/* End PBXFileReference section */

/* Begin PBXFrameworksBuildPhase section */
		EA60882A2BF6F11A00DA07D7 /* Frameworks */ = {
			isa = PBXFrameworksBuildPhase;
			buildActionMask = 2147483647;
			files = (
				9CD969E0ACD99D3BD2A88C60 /* Pods_TodorimMVC.framework in Frameworks */,
			);
			runOnlyForDeploymentPostprocessing = 0;
		};
		EA6088402BF6F11B00DA07D7 /* Frameworks */ = {
			isa = PBXFrameworksBuildPhase;
			buildActionMask = 2147483647;
			files = (
				5AA1C315A042AD836FC0F47A /* Pods_TodorimMVCTests.framework in Frameworks */,
			);
			runOnlyForDeploymentPostprocessing = 0;
		};
		EA60884A2BF6F11B00DA07D7 /* Frameworks */ = {
			isa = PBXFrameworksBuildPhase;
			buildActionMask = 2147483647;
			files = (
				EA87CACBE33B35C1C1BF56E4 /* Pods_TodorimMVC_TodorimMVCUITests.framework in Frameworks */,
			);
			runOnlyForDeploymentPostprocessing = 0;
		};
/* End PBXFrameworksBuildPhase section */

/* Begin PBXGroup section */
		546D6924AE1CDBA1D1C1F136 /* Pods */ = {
			isa = PBXGroup;
			children = (
				49279A11A79BC17659E39B6B /* Pods-TodorimMVC.debug.xcconfig */,
				1BF3DDE9AD677B9FCDBF0179 /* Pods-TodorimMVC.release.xcconfig */,
				53C0999CE823C803C51D5D43 /* Pods-TodorimMVC-TodorimMVCUITests.debug.xcconfig */,
				E98C2CB1575D25B16AC4CF56 /* Pods-TodorimMVC-TodorimMVCUITests.release.xcconfig */,
				4C96283325681C86FAFB4449 /* Pods-TodorimMVCTests.debug.xcconfig */,
				F457AE0DB2B5A98DA18B8040 /* Pods-TodorimMVCTests.release.xcconfig */,
			);
			path = Pods;
			sourceTree = "<group>";
		};
		6771F31FD6EF03B3C889D7D4 /* Frameworks */ = {
			isa = PBXGroup;
			children = (
				E5B4362F0F23248F4E503F83 /* Pods_TodorimMVC.framework */,
				30C7508212D26F38EA7E46EB /* Pods_TodorimMVC_TodorimMVCUITests.framework */,
				2F19D903CFDF125B7A831A11 /* Pods_TodorimMVCTests.framework */,
			);
			name = Frameworks;
			sourceTree = "<group>";
		};
		EA6088242BF6F11A00DA07D7 = {
			isa = PBXGroup;
			children = (
				EA60882F2BF6F11A00DA07D7 /* TodorimMVC */,
				EA6088462BF6F11B00DA07D7 /* TodorimMVCTests */,
				EA6088502BF6F11B00DA07D7 /* TodorimMVCUITests */,
				EA60882E2BF6F11A00DA07D7 /* Products */,
				546D6924AE1CDBA1D1C1F136 /* Pods */,
				6771F31FD6EF03B3C889D7D4 /* Frameworks */,
			);
			sourceTree = "<group>";
		};
		EA60882E2BF6F11A00DA07D7 /* Products */ = {
			isa = PBXGroup;
			children = (
				EA60882D2BF6F11A00DA07D7 /* TodorimMVC.app */,
				EA6088432BF6F11B00DA07D7 /* TodorimMVCTests.xctest */,
				EA60884D2BF6F11B00DA07D7 /* TodorimMVCUITests.xctest */,
			);
			name = Products;
			sourceTree = "<group>";
		};
		EA60882F2BF6F11A00DA07D7 /* TodorimMVC */ = {
			isa = PBXGroup;
			children = (
				EAC6814A2C6903B00010ECCC /* Configs */,
				EAC6815E2C6903BE0010ECCC /* Commons */,
				EAC6818B2C6903C60010ECCC /* Scences */,
				EAC681AB2C6903D80010ECCC /* SB */,
				EAC6820A2C6903E20010ECCC /* Utils */,
				EAC682552C6903EA0010ECCC /* Supporting Files */,
			);
			path = TodorimMVC;
			sourceTree = "<group>";
		};
		EA6088462BF6F11B00DA07D7 /* TodorimMVCTests */ = {
			isa = PBXGroup;
			children = (
				EA6088472BF6F11B00DA07D7 /* TodorimMVCTests.swift */,
			);
			path = TodorimMVCTests;
			sourceTree = "<group>";
		};
		EA6088502BF6F11B00DA07D7 /* TodorimMVCUITests */ = {
			isa = PBXGroup;
			children = (
				EA6088512BF6F11B00DA07D7 /* TodorimMVCUITests.swift */,
				EA6088532BF6F11B00DA07D7 /* TodorimMVCUITestsLaunchTests.swift */,
			);
			path = TodorimMVCUITests;
			sourceTree = "<group>";
		};
		EAC681492C6903B00010ECCC /* Data */ = {
			isa = PBXGroup;
			children = (
				EAC681452C6903B00010ECCC /* DataGroup.swift */,
				EAC681462C6903B00010ECCC /* DataTask.swift */,
				EAC681472C6903B00010ECCC /* DataTaskv2.swift */,
				EAC681482C6903B00010ECCC /* NotiConfig.swift */,
			);
			path = Data;
			sourceTree = "<group>";
		};
		EAC6814A2C6903B00010ECCC /* Configs */ = {
			isa = PBXGroup;
			children = (
				EAC681492C6903B00010ECCC /* Data */,
			);
			name = Configs;
			path = "../../../ToDoRim-old/HSTODO/Configs";
			sourceTree = "<group>";
		};
		EAC681572C6903BE0010ECCC /* UI */ = {
			isa = PBXGroup;
			children = (
				EAC6814F2C6903BE0010ECCC /* CustomDatePicker.swift */,
				EAC681502C6903BE0010ECCC /* CustomDayPicker.swift */,
				EAC681512C6903BE0010ECCC /* CustomGroupPicker.swift */,
				EAC681522C6903BE0010ECCC /* CustomTabButton.swift */,
				EAC681532C6903BE0010ECCC /* CustomTextField.swift */,
				EAC681542C6903BE0010ECCC /* CustomTextFieldCusor.swift */,
				EAC681552C6903BE0010ECCC /* CustomTimePicker.swift */,
				EAC681562C6903BE0010ECCC /* CustomWeekPicker.swift */,
			);
			path = UI;
			sourceTree = "<group>";
		};
		EAC6815E2C6903BE0010ECCC /* Commons */ = {
			isa = PBXGroup;
			children = (
				EAC681572C6903BE0010ECCC /* UI */,
				EAC681582C6903BE0010ECCC /* AppDelegate.swift */,
				EAC681592C6903BE0010ECCC /* CommonGroup.swift */,
				EAC6815A2C6903BE0010ECCC /* CommonNav.swift */,
				EAC6815B2C6903BE0010ECCC /* CommonNoti.swift */,
				EAC6815C2C6903BE0010ECCC /* CommonRealmDB.swift */,
				EAC6815D2C6903BE0010ECCC /* CommonSetting.swift */,
			);
			name = Commons;
			path = "../../../ToDoRim-old/HSTODO/Commons";
			sourceTree = "<group>";
		};
		EAC681752C6903C60010ECCC /* Cell */ = {
			isa = PBXGroup;
			children = (
				EAC6816D2C6903C60010ECCC /* AddGroupCell.swift */,
				EAC6816E2C6903C60010ECCC /* AddGroupCell.xib */,
				EAC6816F2C6903C60010ECCC /* GroupCell.swift */,
				EAC681702C6903C60010ECCC /* GroupCell.xib */,
				EAC681712C6903C60010ECCC /* GroupColorCell.swift */,
				EAC681722C6903C60010ECCC /* GroupColorCell.xib */,
				EAC681732C6903C60010ECCC /* GroupTaskCell.swift */,
				EAC681742C6903C60010ECCC /* GroupTaskCell.xib */,
			);
			path = Cell;
			sourceTree = "<group>";
		};
		EAC6817A2C6903C60010ECCC /* Group */ = {
			isa = PBXGroup;
			children = (
				EAC681752C6903C60010ECCC /* Cell */,
				EAC681762C6903C60010ECCC /* AddGroupVC.swift */,
				EAC681772C6903C60010ECCC /* GroupTaskVC.swift */,
				EAC681782C6903C60010ECCC /* GroupVC.swift */,
				EAC681792C6903C60010ECCC /* ModifyGroupVC.swift */,
			);
			path = Group;
			sourceTree = "<group>";
		};
		EAC6817C2C6903C60010ECCC /* Intro */ = {
			isa = PBXGroup;
			children = (
				EAC6817B2C6903C60010ECCC /* IntroVC.swift */,
			);
			path = Intro;
			sourceTree = "<group>";
		};
		EAC6817E2C6903C60010ECCC /* Main */ = {
			isa = PBXGroup;
			children = (
				EAC6817D2C6903C60010ECCC /* TabBarVC.swift */,
			);
			path = Main;
			sourceTree = "<group>";
		};
		EAC681852C6903C60010ECCC /* Cell */ = {
			isa = PBXGroup;
			children = (
				EAC6817F2C6903C60010ECCC /* TaskCell.swift */,
				EAC681802C6903C60010ECCC /* TaskCell.xib */,
				EAC681812C6903C60010ECCC /* TaskOneNotiCell.swift */,
				EAC681822C6903C60010ECCC /* TaskOneNotiCell.xib */,
				EAC681832C6903C60010ECCC /* TaskTwoNotiCell.swift */,
				EAC681842C6903C60010ECCC /* TaskTwoNotiCell.xib */,
			);
			path = Cell;
			sourceTree = "<group>";
		};
		EAC6818A2C6903C60010ECCC /* Task */ = {
			isa = PBXGroup;
			children = (
				EAC681852C6903C60010ECCC /* Cell */,
				EAC681862C6903C60010ECCC /* AddTaskVC.swift */,
				EAC681872C6903C60010ECCC /* SearchLocationMapVC.swift */,
				EAC681882C6903C60010ECCC /* SearchLocationTVC.swift */,
				EAC681892C6903C60010ECCC /* SearchLocationVC.swift */,
			);
			path = Task;
			sourceTree = "<group>";
		};
		EAC6818B2C6903C60010ECCC /* Scences */ = {
			isa = PBXGroup;
			children = (
				EAC6817A2C6903C60010ECCC /* Group */,
				EAC6817C2C6903C60010ECCC /* Intro */,
				EAC6817E2C6903C60010ECCC /* Main */,
				EAC6818A2C6903C60010ECCC /* Task */,
			);
			name = Scences;
			path = ../Scences;
			sourceTree = "<group>";
		};
		EAC681AB2C6903D80010ECCC /* SB */ = {
			isa = PBXGroup;
			children = (
				EAC681A42C6903D80010ECCC /* Group.storyboard */,
				EAC681A52C6903D80010ECCC /* Intro.storyboard */,
				EAC681A72C6903D80010ECCC /* LaunchScreen.storyboard */,
				EAC681A92C6903D80010ECCC /* Main.storyboard */,
				EAC681AA2C6903D80010ECCC /* Task.storyboard */,
			);
			name = SB;
			path = "../../../ToDoRim-old/HSTODO/SB";
			sourceTree = "<group>";
		};
		EAC681B22C6903E20010ECCC /* CustomTabShapeTest */ = {
			isa = PBXGroup;
			children = (
				EAC681B12C6903E20010ECCC /* CustomizedTabBar.swift */,
			);
			path = CustomTabShapeTest;
			sourceTree = "<group>";
		};
		EAC681B52C6903E20010ECCC /* DateHelper */ = {
			isa = PBXGroup;
			children = (
				EAC681B32C6903E20010ECCC /* DateHelper.h */,
				EAC681B42C6903E20010ECCC /* DateHelper.swift */,
			);
			path = DateHelper;
			sourceTree = "<group>";
		};
		EAC681BC2C6903E20010ECCC /* Extensions */ = {
			isa = PBXGroup;
			children = (
				EAC681B62C6903E20010ECCC /* CAGradientLayerExtension.swift */,
				EAC681B72C6903E20010ECCC /* DateExtension.swift */,
				EAC681B82C6903E20010ECCC /* DoubleExtension.swift */,
				EAC681B92C6903E20010ECCC /* StringExtension.swift */,
				EAC681BA2C6903E20010ECCC /* UIColorExtension.swift */,
				EAC681BB2C6903E20010ECCC /* UITextFieldExtension.swift */,
			);
			path = Extensions;
			sourceTree = "<group>";
		};
		EAC681BE2C6903E20010ECCC /* FAPaginationLayout */ = {
			isa = PBXGroup;
			children = (
				EAC681BD2C6903E20010ECCC /* FAPaginationLayout.swift */,
			);
			path = FAPaginationLayout;
			sourceTree = "<group>";
		};
		EAC681C02C6903E20010ECCC /* Geotify */ = {
			isa = PBXGroup;
			children = (
				EAC681BF2C6903E20010ECCC /* Geotification.swift */,
			);
			path = Geotify;
			sourceTree = "<group>";
		};
		EAC681C52C6903E20010ECCC /* Animator */ = {
			isa = PBXGroup;
			children = (
				EAC681C12C6903E20010ECCC /* HeroAnimatorViewContext.swift */,
				EAC681C22C6903E20010ECCC /* HeroCoreAnimationViewContext.swift */,
				EAC681C32C6903E20010ECCC /* HeroDefaultAnimator.swift */,
				EAC681C42C6903E20010ECCC /* HeroViewPropertyViewContext.swift */,
			);
			path = Animator;
			sourceTree = "<group>";
		};
		EAC681C82C6903E20010ECCC /* Debug Plugin */ = {
			isa = PBXGroup;
			children = (
				EAC681C62C6903E20010ECCC /* HeroDebugPlugin.swift */,
				EAC681C72C6903E20010ECCC /* HeroDebugView.swift */,
			);
			path = "Debug Plugin";
			sourceTree = "<group>";
		};
		EAC681D12C6903E20010ECCC /* Extensions */ = {
			isa = PBXGroup;
			children = (
				EAC681C92C6903E20010ECCC /* Array+HeroModifier.swift */,
				EAC681CA2C6903E20010ECCC /* CALayer+Hero.swift */,
				EAC681CB2C6903E20010ECCC /* CAMediaTimingFunction+Hero.swift */,
				EAC681CC2C6903E20010ECCC /* CG+Hero.swift */,
				EAC681CD2C6903E20010ECCC /* DispatchQueue+Hero.swift */,
				EAC681CE2C6903E20010ECCC /* UIKit+Hero.swift */,
				EAC681CF2C6903E20010ECCC /* UIView+Hero.swift */,
				EAC681D02C6903E20010ECCC /* UIViewController+Hero.swift */,
			);
			path = Extensions;
			sourceTree = "<group>";
		};
		EAC681D72C6903E20010ECCC /* Parser */ = {
			isa = PBXGroup;
			children = (
				EAC681D22C6903E20010ECCC /* HeroStringConvertible.swift */,
				EAC681D32C6903E20010ECCC /* Lexer.swift */,
				EAC681D42C6903E20010ECCC /* Nodes.swift */,
				EAC681D52C6903E20010ECCC /* Parser.swift */,
				EAC681D62C6903E20010ECCC /* Regex.swift */,
			);
			path = Parser;
			sourceTree = "<group>";
		};
		EAC681DF2C6903E20010ECCC /* Preprocessors */ = {
			isa = PBXGroup;
			children = (
				EAC681D82C6903E20010ECCC /* BasePreprocessor.swift */,
				EAC681D92C6903E20010ECCC /* CascadePreprocessor.swift */,
				EAC681DA2C6903E20010ECCC /* ConditionalPreprocessor.swift */,
				EAC681DB2C6903E20010ECCC /* DefaultAnimationPreprocessor.swift */,
				EAC681DC2C6903E20010ECCC /* IgnoreSubviewModifiersPreprocessor.swift */,
				EAC681DD2C6903E20010ECCC /* MatchPreprocessor.swift */,
				EAC681DE2C6903E20010ECCC /* SourcePreprocessor.swift */,
			);
			path = Preprocessors;
			sourceTree = "<group>";
		};
		EAC681EB2C6903E20010ECCC /* Transition */ = {
			isa = PBXGroup;
			children = (
				EAC681E02C6903E20010ECCC /* HeroProgressRunner.swift */,
				EAC681E12C6903E20010ECCC /* HeroTransition.swift */,
				EAC681E22C6903E20010ECCC /* HeroTransition+Animate.swift */,
				EAC681E32C6903E20010ECCC /* HeroTransition+Complete.swift */,
				EAC681E42C6903E20010ECCC /* HeroTransition+CustomTransition.swift */,
				EAC681E52C6903E20010ECCC /* HeroTransition+Interactive.swift */,
				EAC681E62C6903E20010ECCC /* HeroTransition+Start.swift */,
				EAC681E72C6903E20010ECCC /* HeroTransition+UINavigationControllerDelegate.swift */,
				EAC681E82C6903E20010ECCC /* HeroTransition+UITabBarControllerDelegate.swift */,
				EAC681E92C6903E20010ECCC /* HeroTransition+UIViewControllerTransitioningDelegate.swift */,
				EAC681EA2C6903E20010ECCC /* HeroTransitionState.swift */,
			);
			path = Transition;
			sourceTree = "<group>";
		};
		EAC681F72C6903E20010ECCC /* Sources */ = {
			isa = PBXGroup;
			children = (
				EAC681C52C6903E20010ECCC /* Animator */,
				EAC681C82C6903E20010ECCC /* Debug Plugin */,
				EAC681D12C6903E20010ECCC /* Extensions */,
				EAC681D72C6903E20010ECCC /* Parser */,
				EAC681DF2C6903E20010ECCC /* Preprocessors */,
				EAC681EB2C6903E20010ECCC /* Transition */,
				EAC681EC2C6903E20010ECCC /* Hero.h */,
				EAC681ED2C6903E20010ECCC /* HeroCompatible.swift */,
				EAC681EE2C6903E20010ECCC /* HeroContext.swift */,
				EAC681EF2C6903E20010ECCC /* HeroModifier.swift */,
				EAC681F02C6903E20010ECCC /* HeroModifier+Advanced.swift */,
				EAC681F12C6903E20010ECCC /* HeroModifier+HeroStringConvertible.swift */,
				EAC681F22C6903E20010ECCC /* HeroPlugin.swift */,
				EAC681F32C6903E20010ECCC /* HeroTargetState.swift */,
				EAC681F42C6903E20010ECCC /* HeroTypes.swift */,
				EAC681F52C6903E20010ECCC /* HeroViewControllerDelegate.swift */,
				EAC681F62C6903E20010ECCC /* SwiftSupport.swift */,
			);
			path = Sources;
			sourceTree = "<group>";
		};
		EAC681F82C6903E20010ECCC /* Hero */ = {
			isa = PBXGroup;
			children = (
				EAC681F72C6903E20010ECCC /* Sources */,
			);
			path = Hero;
			sourceTree = "<group>";
		};
		EAC682052C6903E20010ECCC /* IceCream */ = {
			isa = PBXGroup;
			children = (
				EAC681F92C6903E20010ECCC /* CKRecordConvertible.swift */,
				EAC681FA2C6903E20010ECCC /* CKRecordRecoverable.swift */,
				EAC681FB2C6903E20010ECCC /* CreamAsset.swift */,
				EAC681FC2C6903E20010ECCC /* DatabaseManagerProtocol.swift */,
				EAC681FD2C6903E20010ECCC /* ErrorHandler.swift */,
				EAC681FE2C6903E20010ECCC /* Manifest.swift */,
				EAC681FF2C6903E20010ECCC /* Notification+Name.swift */,
				EAC682002C6903E20010ECCC /* PrivateDatabaseManager.swift */,
				EAC682012C6903E20010ECCC /* PublicDatabaseManager.swift */,
				EAC682022C6903E20010ECCC /* Syncable.swift */,
				EAC682032C6903E20010ECCC /* SyncEngine.swift */,
				EAC682042C6903E20010ECCC /* SyncObject.swift */,
			);
			path = IceCream;
			sourceTree = "<group>";
		};
		EAC682092C6903E20010ECCC /* TextFieldEffects */ = {
			isa = PBXGroup;
			children = (
				EAC682062C6903E20010ECCC /* MadokaTextField.swift */,
				EAC682072C6903E20010ECCC /* TextFieldEffects.h */,
				EAC682082C6903E20010ECCC /* TextFieldEffects.swift */,
			);
			path = TextFieldEffects;
			sourceTree = "<group>";
		};
		EAC6820A2C6903E20010ECCC /* Utils */ = {
			isa = PBXGroup;
			children = (
				EAC681B22C6903E20010ECCC /* CustomTabShapeTest */,
				EAC681B52C6903E20010ECCC /* DateHelper */,
				EAC681BC2C6903E20010ECCC /* Extensions */,
				EAC681BE2C6903E20010ECCC /* FAPaginationLayout */,
				EAC681C02C6903E20010ECCC /* Geotify */,
				EAC681F82C6903E20010ECCC /* Hero */,
				EAC682052C6903E20010ECCC /* IceCream */,
				EAC682092C6903E20010ECCC /* TextFieldEffects */,
			);
			name = Utils;
			path = "../../../ToDoRim-old/HSTODO/Utils";
			sourceTree = "<group>";
		};
		EAC682552C6903EA0010ECCC /* Supporting Files */ = {
			isa = PBXGroup;
			children = (
				EAC682522C6903EA0010ECCC /* Assets.xcassets */,
				EAC682542C6903EA0010ECCC /* Info.plist */,
			);
			name = "Supporting Files";
			path = "../../../ToDoRim-old/HSTODO/Supporting Files";
			sourceTree = "<group>";
		};
/* End PBXGroup section */

/* Begin PBXNativeTarget section */
		EA60882C2BF6F11A00DA07D7 /* TodorimMVC */ = {
			isa = PBXNativeTarget;
			buildConfigurationList = EA6088572BF6F11B00DA07D7 /* Build configuration list for PBXNativeTarget "TodorimMVC" */;
			buildPhases = (
				B5F9EC477B38B03B12B3F5DA /* [CP] Check Pods Manifest.lock */,
				EA6088292BF6F11A00DA07D7 /* Sources */,
				EA60882A2BF6F11A00DA07D7 /* Frameworks */,
				EA60882B2BF6F11A00DA07D7 /* Resources */,
				03B3308552E4B0F1829E8517 /* [CP] Embed Pods Frameworks */,
				EA3967332BF6F5BE0087062B /* SwiftGen Script */,
			);
			buildRules = (
			);
			dependencies = (
			);
			name = TodorimMVC;
			productName = TodorimMVC;
			productReference = EA60882D2BF6F11A00DA07D7 /* TodorimMVC.app */;
			productType = "com.apple.product-type.application";
		};
		EA6088422BF6F11B00DA07D7 /* TodorimMVCTests */ = {
			isa = PBXNativeTarget;
			buildConfigurationList = EA60885A2BF6F11B00DA07D7 /* Build configuration list for PBXNativeTarget "TodorimMVCTests" */;
			buildPhases = (
				AAFF382AE0FE94B85EE2D6B7 /* [CP] Check Pods Manifest.lock */,
				EA60883F2BF6F11B00DA07D7 /* Sources */,
				EA6088402BF6F11B00DA07D7 /* Frameworks */,
				EA6088412BF6F11B00DA07D7 /* Resources */,
			);
			buildRules = (
			);
			dependencies = (
				EA6088452BF6F11B00DA07D7 /* PBXTargetDependency */,
			);
			name = TodorimMVCTests;
			productName = TodorimMVCTests;
			productReference = EA6088432BF6F11B00DA07D7 /* TodorimMVCTests.xctest */;
			productType = "com.apple.product-type.bundle.unit-test";
		};
		EA60884C2BF6F11B00DA07D7 /* TodorimMVCUITests */ = {
			isa = PBXNativeTarget;
			buildConfigurationList = EA60885D2BF6F11B00DA07D7 /* Build configuration list for PBXNativeTarget "TodorimMVCUITests" */;
			buildPhases = (
				75E9DDF986D6C34324F004B3 /* [CP] Check Pods Manifest.lock */,
				EA6088492BF6F11B00DA07D7 /* Sources */,
				EA60884A2BF6F11B00DA07D7 /* Frameworks */,
				EA60884B2BF6F11B00DA07D7 /* Resources */,
				BBE214AB836D57E75388E46C /* [CP] Embed Pods Frameworks */,
			);
			buildRules = (
			);
			dependencies = (
				EA60884F2BF6F11B00DA07D7 /* PBXTargetDependency */,
			);
			name = TodorimMVCUITests;
			productName = TodorimMVCUITests;
			productReference = EA60884D2BF6F11B00DA07D7 /* TodorimMVCUITests.xctest */;
			productType = "com.apple.product-type.bundle.ui-testing";
		};
/* End PBXNativeTarget section */

/* Begin PBXProject section */
		EA6088252BF6F11A00DA07D7 /* Project object */ = {
			isa = PBXProject;
			attributes = {
				BuildIndependentTargetsInParallel = 1;
				LastSwiftUpdateCheck = 1510;
				LastUpgradeCheck = 1510;
				TargetAttributes = {
					EA60882C2BF6F11A00DA07D7 = {
						CreatedOnToolsVersion = 15.1;
					};
					EA6088422BF6F11B00DA07D7 = {
						CreatedOnToolsVersion = 15.1;
						TestTargetID = EA60882C2BF6F11A00DA07D7;
					};
					EA60884C2BF6F11B00DA07D7 = {
						CreatedOnToolsVersion = 15.1;
						TestTargetID = EA60882C2BF6F11A00DA07D7;
					};
				};
			};
			buildConfigurationList = EA6088282BF6F11A00DA07D7 /* Build configuration list for PBXProject "TodorimMVC" */;
			compatibilityVersion = "Xcode 14.0";
			developmentRegion = en;
			hasScannedForEncodings = 0;
			knownRegions = (
				en,
				Base,
			);
			mainGroup = EA6088242BF6F11A00DA07D7;
			productRefGroup = EA60882E2BF6F11A00DA07D7 /* Products */;
			projectDirPath = "";
			projectRoot = "";
			targets = (
				EA60882C2BF6F11A00DA07D7 /* TodorimMVC */,
				EA6088422BF6F11B00DA07D7 /* TodorimMVCTests */,
				EA60884C2BF6F11B00DA07D7 /* TodorimMVCUITests */,
			);
		};
/* End PBXProject section */

/* Begin PBXResourcesBuildPhase section */
		EA60882B2BF6F11A00DA07D7 /* Resources */ = {
			isa = PBXResourcesBuildPhase;
			buildActionMask = 2147483647;
			files = (
				EAC6819F2C6903C60010ECCC /* TaskTwoNotiCell.xib in Resources */,
				EAC681B02C6903D80010ECCC /* Task.storyboard in Resources */,
				EAC6818D2C6903C60010ECCC /* AddGroupCell.xib in Resources */,
				EAC681AD2C6903D80010ECCC /* Intro.storyboard in Resources */,
				EAC681AE2C6903D80010ECCC /* LaunchScreen.storyboard in Resources */,
				EAC6819D2C6903C60010ECCC /* TaskOneNotiCell.xib in Resources */,
				EAC682572C6903EA0010ECCC /* Info.plist in Resources */,
				EAC682562C6903EA0010ECCC /* Assets.xcassets in Resources */,
				EAC681AF2C6903D80010ECCC /* Main.storyboard in Resources */,
				EAC6819B2C6903C60010ECCC /* TaskCell.xib in Resources */,
				EAC681AC2C6903D80010ECCC /* Group.storyboard in Resources */,
				EAC681912C6903C60010ECCC /* GroupColorCell.xib in Resources */,
				EAC681932C6903C60010ECCC /* GroupTaskCell.xib in Resources */,
				EAC6818F2C6903C60010ECCC /* GroupCell.xib in Resources */,
			);
			runOnlyForDeploymentPostprocessing = 0;
		};
		EA6088412BF6F11B00DA07D7 /* Resources */ = {
			isa = PBXResourcesBuildPhase;
			buildActionMask = 2147483647;
			files = (
			);
			runOnlyForDeploymentPostprocessing = 0;
		};
		EA60884B2BF6F11B00DA07D7 /* Resources */ = {
			isa = PBXResourcesBuildPhase;
			buildActionMask = 2147483647;
			files = (
			);
			runOnlyForDeploymentPostprocessing = 0;
		};
/* End PBXResourcesBuildPhase section */

/* Begin PBXShellScriptBuildPhase section */
		03B3308552E4B0F1829E8517 /* [CP] Embed Pods Frameworks */ = {
			isa = PBXShellScriptBuildPhase;
			buildActionMask = 2147483647;
			files = (
			);
			inputFileListPaths = (
				"${PODS_ROOT}/Target Support Files/Pods-TodorimMVC/Pods-TodorimMVC-frameworks-${CONFIGURATION}-input-files.xcfilelist",
			);
			name = "[CP] Embed Pods Frameworks";
			outputFileListPaths = (
				"${PODS_ROOT}/Target Support Files/Pods-TodorimMVC/Pods-TodorimMVC-frameworks-${CONFIGURATION}-output-files.xcfilelist",
			);
			runOnlyForDeploymentPostprocessing = 0;
			shellPath = /bin/sh;
			shellScript = "\"${PODS_ROOT}/Target Support Files/Pods-TodorimMVC/Pods-TodorimMVC-frameworks.sh\"\n";
			showEnvVarsInLog = 0;
		};
		75E9DDF986D6C34324F004B3 /* [CP] Check Pods Manifest.lock */ = {
			isa = PBXShellScriptBuildPhase;
			buildActionMask = 2147483647;
			files = (
			);
			inputFileListPaths = (
			);
			inputPaths = (
				"${PODS_PODFILE_DIR_PATH}/Podfile.lock",
				"${PODS_ROOT}/Manifest.lock",
			);
			name = "[CP] Check Pods Manifest.lock";
			outputFileListPaths = (
			);
			outputPaths = (
				"$(DERIVED_FILE_DIR)/Pods-TodorimMVC-TodorimMVCUITests-checkManifestLockResult.txt",
			);
			runOnlyForDeploymentPostprocessing = 0;
			shellPath = /bin/sh;
			shellScript = "diff \"${PODS_PODFILE_DIR_PATH}/Podfile.lock\" \"${PODS_ROOT}/Manifest.lock\" > /dev/null\nif [ $? != 0 ] ; then\n    # print error to STDERR\n    echo \"error: The sandbox is not in sync with the Podfile.lock. Run 'pod install' or update your CocoaPods installation.\" >&2\n    exit 1\nfi\n# This output is used by Xcode 'outputs' to avoid re-running this script phase.\necho \"SUCCESS\" > \"${SCRIPT_OUTPUT_FILE_0}\"\n";
			showEnvVarsInLog = 0;
		};
		AAFF382AE0FE94B85EE2D6B7 /* [CP] Check Pods Manifest.lock */ = {
			isa = PBXShellScriptBuildPhase;
			buildActionMask = 2147483647;
			files = (
			);
			inputFileListPaths = (
			);
			inputPaths = (
				"${PODS_PODFILE_DIR_PATH}/Podfile.lock",
				"${PODS_ROOT}/Manifest.lock",
			);
			name = "[CP] Check Pods Manifest.lock";
			outputFileListPaths = (
			);
			outputPaths = (
				"$(DERIVED_FILE_DIR)/Pods-TodorimMVCTests-checkManifestLockResult.txt",
			);
			runOnlyForDeploymentPostprocessing = 0;
			shellPath = /bin/sh;
			shellScript = "diff \"${PODS_PODFILE_DIR_PATH}/Podfile.lock\" \"${PODS_ROOT}/Manifest.lock\" > /dev/null\nif [ $? != 0 ] ; then\n    # print error to STDERR\n    echo \"error: The sandbox is not in sync with the Podfile.lock. Run 'pod install' or update your CocoaPods installation.\" >&2\n    exit 1\nfi\n# This output is used by Xcode 'outputs' to avoid re-running this script phase.\necho \"SUCCESS\" > \"${SCRIPT_OUTPUT_FILE_0}\"\n";
			showEnvVarsInLog = 0;
		};
		B5F9EC477B38B03B12B3F5DA /* [CP] Check Pods Manifest.lock */ = {
			isa = PBXShellScriptBuildPhase;
			buildActionMask = 2147483647;
			files = (
			);
			inputFileListPaths = (
			);
			inputPaths = (
				"${PODS_PODFILE_DIR_PATH}/Podfile.lock",
				"${PODS_ROOT}/Manifest.lock",
			);
			name = "[CP] Check Pods Manifest.lock";
			outputFileListPaths = (
			);
			outputPaths = (
				"$(DERIVED_FILE_DIR)/Pods-TodorimMVC-checkManifestLockResult.txt",
			);
			runOnlyForDeploymentPostprocessing = 0;
			shellPath = /bin/sh;
			shellScript = "diff \"${PODS_PODFILE_DIR_PATH}/Podfile.lock\" \"${PODS_ROOT}/Manifest.lock\" > /dev/null\nif [ $? != 0 ] ; then\n    # print error to STDERR\n    echo \"error: The sandbox is not in sync with the Podfile.lock. Run 'pod install' or update your CocoaPods installation.\" >&2\n    exit 1\nfi\n# This output is used by Xcode 'outputs' to avoid re-running this script phase.\necho \"SUCCESS\" > \"${SCRIPT_OUTPUT_FILE_0}\"\n";
			showEnvVarsInLog = 0;
		};
		BBE214AB836D57E75388E46C /* [CP] Embed Pods Frameworks */ = {
			isa = PBXShellScriptBuildPhase;
			buildActionMask = 2147483647;
			files = (
			);
			inputFileListPaths = (
				"${PODS_ROOT}/Target Support Files/Pods-TodorimMVC-TodorimMVCUITests/Pods-TodorimMVC-TodorimMVCUITests-frameworks-${CONFIGURATION}-input-files.xcfilelist",
			);
			name = "[CP] Embed Pods Frameworks";
			outputFileListPaths = (
				"${PODS_ROOT}/Target Support Files/Pods-TodorimMVC-TodorimMVCUITests/Pods-TodorimMVC-TodorimMVCUITests-frameworks-${CONFIGURATION}-output-files.xcfilelist",
			);
			runOnlyForDeploymentPostprocessing = 0;
			shellPath = /bin/sh;
			shellScript = "\"${PODS_ROOT}/Target Support Files/Pods-TodorimMVC-TodorimMVCUITests/Pods-TodorimMVC-TodorimMVCUITests-frameworks.sh\"\n";
			showEnvVarsInLog = 0;
		};
		EA3967332BF6F5BE0087062B /* SwiftGen Script */ = {
			isa = PBXShellScriptBuildPhase;
			buildActionMask = 2147483647;
			files = (
			);
			inputFileListPaths = (
			);
			inputPaths = (
			);
			name = "SwiftGen Script";
			outputFileListPaths = (
			);
			outputPaths = (
			);
			runOnlyForDeploymentPostprocessing = 0;
			shellPath = /bin/sh;
			shellScript = "if [[ -f \"${PODS_ROOT}/SwiftGen/bin/swiftgen\" ]]; then\n  \"${PODS_ROOT}/SwiftGen/bin/swiftgen\"\nelse\n  echo \"warning: SwiftGen is not installed. Run 'pod install --repo-update' to install it.\"\nfi\n";
		};
/* End PBXShellScriptBuildPhase section */

/* Begin PBXSourcesBuildPhase section */
		EA6088292BF6F11A00DA07D7 /* Sources */ = {
			isa = PBXSourcesBuildPhase;
			buildActionMask = 2147483647;
			files = (
				EAC6824E2C6903E20010ECCC /* SyncEngine.swift in Sources */,
				EAC6823F2C6903E20010ECCC /* HeroPlugin.swift in Sources */,
				EAC6822F2C6903E20010ECCC /* HeroProgressRunner.swift in Sources */,
				EAC6820F2C6903E20010ECCC /* DoubleExtension.swift in Sources */,
				EAC681972C6903C60010ECCC /* ModifyGroupVC.swift in Sources */,
				EAC6823A2C6903E20010ECCC /* HeroCompatible.swift in Sources */,
				EAC6823D2C6903E20010ECCC /* HeroModifier+Advanced.swift in Sources */,
				EAC6820C2C6903E20010ECCC /* DateHelper.swift in Sources */,
				EAC682432C6903E20010ECCC /* SwiftSupport.swift in Sources */,
				EAC682292C6903E20010ECCC /* CascadePreprocessor.swift in Sources */,
				EAC6816B2C6903BE0010ECCC /* CommonRealmDB.swift in Sources */,
				EAC682192C6903E20010ECCC /* HeroDebugPlugin.swift in Sources */,
				EAC6821C2C6903E20010ECCC /* CALayer+Hero.swift in Sources */,
				EAC6815F2C6903BE0010ECCC /* CustomDatePicker.swift in Sources */,
				EAC6818C2C6903C60010ECCC /* AddGroupCell.swift in Sources */,
				EAC682492C6903E20010ECCC /* Manifest.swift in Sources */,
				EAC682132C6903E20010ECCC /* FAPaginationLayout.swift in Sources */,
				EAC681652C6903BE0010ECCC /* CustomTimePicker.swift in Sources */,
				EAC6819A2C6903C60010ECCC /* TaskCell.swift in Sources */,
				EAC681602C6903BE0010ECCC /* CustomDayPicker.swift in Sources */,
				EAC682232C6903E20010ECCC /* HeroStringConvertible.swift in Sources */,
				EAC682452C6903E20010ECCC /* CKRecordRecoverable.swift in Sources */,
				EAC681A12C6903C60010ECCC /* SearchLocationMapVC.swift in Sources */,
				EAC681A22C6903C60010ECCC /* SearchLocationTVC.swift in Sources */,
				EAC682462C6903E20010ECCC /* CreamAsset.swift in Sources */,
				EAC6814D2C6903B00010ECCC /* DataTaskv2.swift in Sources */,
				EAC682412C6903E20010ECCC /* HeroTypes.swift in Sources */,
				EAC6824B2C6903E20010ECCC /* PrivateDatabaseManager.swift in Sources */,
				EAC6814B2C6903B00010ECCC /* DataGroup.swift in Sources */,
				EAC682472C6903E20010ECCC /* DatabaseManagerProtocol.swift in Sources */,
				EAC6819E2C6903C60010ECCC /* TaskTwoNotiCell.swift in Sources */,
				EAC6820B2C6903E20010ECCC /* CustomizedTabBar.swift in Sources */,
				EAC682182C6903E20010ECCC /* HeroViewPropertyViewContext.swift in Sources */,
				EAC6821B2C6903E20010ECCC /* Array+HeroModifier.swift in Sources */,
				EAC682372C6903E20010ECCC /* HeroTransition+UITabBarControllerDelegate.swift in Sources */,
				EAC682422C6903E20010ECCC /* HeroViewControllerDelegate.swift in Sources */,
				EAC682212C6903E20010ECCC /* UIView+Hero.swift in Sources */,
				EAC682312C6903E20010ECCC /* HeroTransition+Animate.swift in Sources */,
				EAC682302C6903E20010ECCC /* HeroTransition.swift in Sources */,
				EAC6819C2C6903C60010ECCC /* TaskOneNotiCell.swift in Sources */,
				EAC682512C6903E20010ECCC /* TextFieldEffects.swift in Sources */,
				EAC6814E2C6903B00010ECCC /* NotiConfig.swift in Sources */,
				EAC6822B2C6903E20010ECCC /* DefaultAnimationPreprocessor.swift in Sources */,
				EAC682172C6903E20010ECCC /* HeroDefaultAnimator.swift in Sources */,
				EAC682332C6903E20010ECCC /* HeroTransition+CustomTransition.swift in Sources */,
				EAC682142C6903E20010ECCC /* Geotification.swift in Sources */,
				EAC682442C6903E20010ECCC /* CKRecordConvertible.swift in Sources */,
				EAC681662C6903BE0010ECCC /* CustomWeekPicker.swift in Sources */,
				EAC682322C6903E20010ECCC /* HeroTransition+Complete.swift in Sources */,
				EAC682342C6903E20010ECCC /* HeroTransition+Interactive.swift in Sources */,
				EAC682222C6903E20010ECCC /* UIViewController+Hero.swift in Sources */,
				EAC6822D2C6903E20010ECCC /* MatchPreprocessor.swift in Sources */,
				EAC6821F2C6903E20010ECCC /* DispatchQueue+Hero.swift in Sources */,
				EAC682402C6903E20010ECCC /* HeroTargetState.swift in Sources */,
				EAC6814C2C6903B00010ECCC /* DataTask.swift in Sources */,
				EAC6816C2C6903BE0010ECCC /* CommonSetting.swift in Sources */,
				EAC681672C6903BE0010ECCC /* AppDelegate.swift in Sources */,
				EAC6823C2C6903E20010ECCC /* HeroModifier.swift in Sources */,
				EAC6822C2C6903E20010ECCC /* IgnoreSubviewModifiersPreprocessor.swift in Sources */,
				EAC681622C6903BE0010ECCC /* CustomTabButton.swift in Sources */,
				EAC682272C6903E20010ECCC /* Regex.swift in Sources */,
				EAC682502C6903E20010ECCC /* MadokaTextField.swift in Sources */,
				EAC682202C6903E20010ECCC /* UIKit+Hero.swift in Sources */,
				EAC6824C2C6903E20010ECCC /* PublicDatabaseManager.swift in Sources */,
				EAC681A32C6903C60010ECCC /* SearchLocationVC.swift in Sources */,
				EAC681992C6903C60010ECCC /* TabBarVC.swift in Sources */,
				EAC681642C6903BE0010ECCC /* CustomTextFieldCusor.swift in Sources */,
				EAC681612C6903BE0010ECCC /* CustomGroupPicker.swift in Sources */,
				EAC682282C6903E20010ECCC /* BasePreprocessor.swift in Sources */,
				EAC6818E2C6903C60010ECCC /* GroupCell.swift in Sources */,
				EAC682392C6903E20010ECCC /* HeroTransitionState.swift in Sources */,
				EAC682122C6903E20010ECCC /* UITextFieldExtension.swift in Sources */,
				EAC6823B2C6903E20010ECCC /* HeroContext.swift in Sources */,
				EAC681682C6903BE0010ECCC /* CommonGroup.swift in Sources */,
				EAC682262C6903E20010ECCC /* Parser.swift in Sources */,
				EAC682252C6903E20010ECCC /* Nodes.swift in Sources */,
				EAC6821D2C6903E20010ECCC /* CAMediaTimingFunction+Hero.swift in Sources */,
				EAC6824D2C6903E20010ECCC /* Syncable.swift in Sources */,
				EAC681962C6903C60010ECCC /* GroupVC.swift in Sources */,
				EAC6821A2C6903E20010ECCC /* HeroDebugView.swift in Sources */,
				EAC682112C6903E20010ECCC /* UIColorExtension.swift in Sources */,
				EAC681942C6903C60010ECCC /* AddGroupVC.swift in Sources */,
				EAC6820D2C6903E20010ECCC /* CAGradientLayerExtension.swift in Sources */,
				EAC6823E2C6903E20010ECCC /* HeroModifier+HeroStringConvertible.swift in Sources */,
				EAC682152C6903E20010ECCC /* HeroAnimatorViewContext.swift in Sources */,
				EAC6821E2C6903E20010ECCC /* CG+Hero.swift in Sources */,
				EAC681692C6903BE0010ECCC /* CommonNav.swift in Sources */,
				EAC6820E2C6903E20010ECCC /* DateExtension.swift in Sources */,
				EAC6822E2C6903E20010ECCC /* SourcePreprocessor.swift in Sources */,
				EAC6824F2C6903E20010ECCC /* SyncObject.swift in Sources */,
				EAC681922C6903C60010ECCC /* GroupTaskCell.swift in Sources */,
				EAC681902C6903C60010ECCC /* GroupColorCell.swift in Sources */,
				EAC681952C6903C60010ECCC /* GroupTaskVC.swift in Sources */,
				EAC682362C6903E20010ECCC /* HeroTransition+UINavigationControllerDelegate.swift in Sources */,
				EAC682242C6903E20010ECCC /* Lexer.swift in Sources */,
				EAC681632C6903BE0010ECCC /* CustomTextField.swift in Sources */,
				EAC6824A2C6903E20010ECCC /* Notification+Name.swift in Sources */,
				EAC682102C6903E20010ECCC /* StringExtension.swift in Sources */,
				EAC6822A2C6903E20010ECCC /* ConditionalPreprocessor.swift in Sources */,
				EAC682162C6903E20010ECCC /* HeroCoreAnimationViewContext.swift in Sources */,
				EAC6816A2C6903BE0010ECCC /* CommonNoti.swift in Sources */,
				EAC682352C6903E20010ECCC /* HeroTransition+Start.swift in Sources */,
				EAC682382C6903E20010ECCC /* HeroTransition+UIViewControllerTransitioningDelegate.swift in Sources */,
				EAC681982C6903C60010ECCC /* IntroVC.swift in Sources */,
				EAC682482C6903E20010ECCC /* ErrorHandler.swift in Sources */,
				EAC681A02C6903C60010ECCC /* AddTaskVC.swift in Sources */,
			);
			runOnlyForDeploymentPostprocessing = 0;
		};
		EA60883F2BF6F11B00DA07D7 /* Sources */ = {
			isa = PBXSourcesBuildPhase;
			buildActionMask = 2147483647;
			files = (
				EA6088482BF6F11B00DA07D7 /* TodorimMVCTests.swift in Sources */,
			);
			runOnlyForDeploymentPostprocessing = 0;
		};
		EA6088492BF6F11B00DA07D7 /* Sources */ = {
			isa = PBXSourcesBuildPhase;
			buildActionMask = 2147483647;
			files = (
				EA6088542BF6F11B00DA07D7 /* TodorimMVCUITestsLaunchTests.swift in Sources */,
				EA6088522BF6F11B00DA07D7 /* TodorimMVCUITests.swift in Sources */,
			);
			runOnlyForDeploymentPostprocessing = 0;
		};
/* End PBXSourcesBuildPhase section */

/* Begin PBXTargetDependency section */
		EA6088452BF6F11B00DA07D7 /* PBXTargetDependency */ = {
			isa = PBXTargetDependency;
			target = EA60882C2BF6F11A00DA07D7 /* TodorimMVC */;
			targetProxy = EA6088442BF6F11B00DA07D7 /* PBXContainerItemProxy */;
		};
		EA60884F2BF6F11B00DA07D7 /* PBXTargetDependency */ = {
			isa = PBXTargetDependency;
			target = EA60882C2BF6F11A00DA07D7 /* TodorimMVC */;
			targetProxy = EA60884E2BF6F11B00DA07D7 /* PBXContainerItemProxy */;
		};
/* End PBXTargetDependency section */

/* Begin PBXVariantGroup section */
		EAC681A72C6903D80010ECCC /* LaunchScreen.storyboard */ = {
			isa = PBXVariantGroup;
			children = (
				EAC681A62C6903D80010ECCC /* Base */,
			);
			name = LaunchScreen.storyboard;
			sourceTree = "<group>";
		};
		EAC681A92C6903D80010ECCC /* Main.storyboard */ = {
			isa = PBXVariantGroup;
			children = (
				EAC681A82C6903D80010ECCC /* Base */,
			);
			name = Main.storyboard;
			sourceTree = "<group>";
		};
/* End PBXVariantGroup section */

/* Begin XCBuildConfiguration section */
		EA6088552BF6F11B00DA07D7 /* Debug */ = {
			isa = XCBuildConfiguration;
			buildSettings = {
				ALWAYS_SEARCH_USER_PATHS = NO;
				ASSETCATALOG_COMPILER_GENERATE_SWIFT_ASSET_SYMBOL_EXTENSIONS = YES;
				CLANG_ANALYZER_NONNULL = YES;
				CLANG_ANALYZER_NUMBER_OBJECT_CONVERSION = YES_AGGRESSIVE;
				CLANG_CXX_LANGUAGE_STANDARD = "gnu++20";
				CLANG_ENABLE_MODULES = YES;
				CLANG_ENABLE_OBJC_ARC = YES;
				CLANG_ENABLE_OBJC_WEAK = YES;
				CLANG_WARN_BLOCK_CAPTURE_AUTORELEASING = YES;
				CLANG_WARN_BOOL_CONVERSION = YES;
				CLANG_WARN_COMMA = YES;
				CLANG_WARN_CONSTANT_CONVERSION = YES;
				CLANG_WARN_DEPRECATED_OBJC_IMPLEMENTATIONS = YES;
				CLANG_WARN_DIRECT_OBJC_ISA_USAGE = YES_ERROR;
				CLANG_WARN_DOCUMENTATION_COMMENTS = YES;
				CLANG_WARN_EMPTY_BODY = YES;
				CLANG_WARN_ENUM_CONVERSION = YES;
				CLANG_WARN_INFINITE_RECURSION = YES;
				CLANG_WARN_INT_CONVERSION = YES;
				CLANG_WARN_NON_LITERAL_NULL_CONVERSION = YES;
				CLANG_WARN_OBJC_IMPLICIT_RETAIN_SELF = YES;
				CLANG_WARN_OBJC_LITERAL_CONVERSION = YES;
				CLANG_WARN_OBJC_ROOT_CLASS = YES_ERROR;
				CLANG_WARN_QUOTED_INCLUDE_IN_FRAMEWORK_HEADER = YES;
				CLANG_WARN_RANGE_LOOP_ANALYSIS = YES;
				CLANG_WARN_STRICT_PROTOTYPES = YES;
				CLANG_WARN_SUSPICIOUS_MOVE = YES;
				CLANG_WARN_UNGUARDED_AVAILABILITY = YES_AGGRESSIVE;
				CLANG_WARN_UNREACHABLE_CODE = YES;
				CLANG_WARN__DUPLICATE_METHOD_MATCH = YES;
				COPY_PHASE_STRIP = NO;
				DEBUG_INFORMATION_FORMAT = dwarf;
				ENABLE_STRICT_OBJC_MSGSEND = YES;
				ENABLE_TESTABILITY = YES;
				ENABLE_USER_SCRIPT_SANDBOXING = NO;
				GCC_C_LANGUAGE_STANDARD = gnu17;
				GCC_DYNAMIC_NO_PIC = NO;
				GCC_NO_COMMON_BLOCKS = YES;
				GCC_OPTIMIZATION_LEVEL = 0;
				GCC_PREPROCESSOR_DEFINITIONS = (
					"DEBUG=1",
					"$(inherited)",
				);
				GCC_WARN_64_TO_32_BIT_CONVERSION = YES;
				GCC_WARN_ABOUT_RETURN_TYPE = YES_ERROR;
				GCC_WARN_UNDECLARED_SELECTOR = YES;
				GCC_WARN_UNINITIALIZED_AUTOS = YES_AGGRESSIVE;
				GCC_WARN_UNUSED_FUNCTION = YES;
				GCC_WARN_UNUSED_VARIABLE = YES;
				IPHONEOS_DEPLOYMENT_TARGET = 17.2;
				LOCALIZATION_PREFERS_STRING_CATALOGS = YES;
				MTL_ENABLE_DEBUG_INFO = INCLUDE_SOURCE;
				MTL_FAST_MATH = YES;
				ONLY_ACTIVE_ARCH = YES;
				SDKROOT = iphoneos;
				SWIFT_ACTIVE_COMPILATION_CONDITIONS = "DEBUG $(inherited)";
				SWIFT_OPTIMIZATION_LEVEL = "-Onone";
			};
			name = Debug;
		};
		EA6088562BF6F11B00DA07D7 /* Release */ = {
			isa = XCBuildConfiguration;
			buildSettings = {
				ALWAYS_SEARCH_USER_PATHS = NO;
				ASSETCATALOG_COMPILER_GENERATE_SWIFT_ASSET_SYMBOL_EXTENSIONS = YES;
				CLANG_ANALYZER_NONNULL = YES;
				CLANG_ANALYZER_NUMBER_OBJECT_CONVERSION = YES_AGGRESSIVE;
				CLANG_CXX_LANGUAGE_STANDARD = "gnu++20";
				CLANG_ENABLE_MODULES = YES;
				CLANG_ENABLE_OBJC_ARC = YES;
				CLANG_ENABLE_OBJC_WEAK = YES;
				CLANG_WARN_BLOCK_CAPTURE_AUTORELEASING = YES;
				CLANG_WARN_BOOL_CONVERSION = YES;
				CLANG_WARN_COMMA = YES;
				CLANG_WARN_CONSTANT_CONVERSION = YES;
				CLANG_WARN_DEPRECATED_OBJC_IMPLEMENTATIONS = YES;
				CLANG_WARN_DIRECT_OBJC_ISA_USAGE = YES_ERROR;
				CLANG_WARN_DOCUMENTATION_COMMENTS = YES;
				CLANG_WARN_EMPTY_BODY = YES;
				CLANG_WARN_ENUM_CONVERSION = YES;
				CLANG_WARN_INFINITE_RECURSION = YES;
				CLANG_WARN_INT_CONVERSION = YES;
				CLANG_WARN_NON_LITERAL_NULL_CONVERSION = YES;
				CLANG_WARN_OBJC_IMPLICIT_RETAIN_SELF = YES;
				CLANG_WARN_OBJC_LITERAL_CONVERSION = YES;
				CLANG_WARN_OBJC_ROOT_CLASS = YES_ERROR;
				CLANG_WARN_QUOTED_INCLUDE_IN_FRAMEWORK_HEADER = YES;
				CLANG_WARN_RANGE_LOOP_ANALYSIS = YES;
				CLANG_WARN_STRICT_PROTOTYPES = YES;
				CLANG_WARN_SUSPICIOUS_MOVE = YES;
				CLANG_WARN_UNGUARDED_AVAILABILITY = YES_AGGRESSIVE;
				CLANG_WARN_UNREACHABLE_CODE = YES;
				CLANG_WARN__DUPLICATE_METHOD_MATCH = YES;
				COPY_PHASE_STRIP = NO;
				DEBUG_INFORMATION_FORMAT = "dwarf-with-dsym";
				ENABLE_NS_ASSERTIONS = NO;
				ENABLE_STRICT_OBJC_MSGSEND = YES;
				ENABLE_USER_SCRIPT_SANDBOXING = NO;
				GCC_C_LANGUAGE_STANDARD = gnu17;
				GCC_NO_COMMON_BLOCKS = YES;
				GCC_WARN_64_TO_32_BIT_CONVERSION = YES;
				GCC_WARN_ABOUT_RETURN_TYPE = YES_ERROR;
				GCC_WARN_UNDECLARED_SELECTOR = YES;
				GCC_WARN_UNINITIALIZED_AUTOS = YES_AGGRESSIVE;
				GCC_WARN_UNUSED_FUNCTION = YES;
				GCC_WARN_UNUSED_VARIABLE = YES;
				IPHONEOS_DEPLOYMENT_TARGET = 17.2;
				LOCALIZATION_PREFERS_STRING_CATALOGS = YES;
				MTL_ENABLE_DEBUG_INFO = NO;
				MTL_FAST_MATH = YES;
				SDKROOT = iphoneos;
				SWIFT_COMPILATION_MODE = wholemodule;
				VALIDATE_PRODUCT = YES;
			};
			name = Release;
		};
		EA6088582BF6F11B00DA07D7 /* Debug */ = {
			isa = XCBuildConfiguration;
			baseConfigurationReference = 49279A11A79BC17659E39B6B /* Pods-TodorimMVC.debug.xcconfig */;
			buildSettings = {
				ASSETCATALOG_COMPILER_APPICON_NAME = AppIcon;
				ASSETCATALOG_COMPILER_GLOBAL_ACCENT_COLOR_NAME = AccentColor;
				CODE_SIGN_STYLE = Automatic;
				CURRENT_PROJECT_VERSION = 1;
				DEVELOPMENT_TEAM = 3T5QFYSPG5;
				GENERATE_INFOPLIST_FILE = YES;
				INFOPLIST_FILE = TodorimMVC/Resources/Info.plist;
				INFOPLIST_KEY_UIApplicationSupportsIndirectInputEvents = YES;
				INFOPLIST_KEY_UILaunchStoryboardName = LaunchScreen;
				INFOPLIST_KEY_UIMainStoryboardFile = Main;
				INFOPLIST_KEY_UISupportedInterfaceOrientations = UIInterfaceOrientationPortrait;
				INFOPLIST_KEY_UISupportedInterfaceOrientations_iPad = "UIInterfaceOrientationPortrait UIInterfaceOrientationPortraitUpsideDown";
				IPHONEOS_DEPLOYMENT_TARGET = 13.0;
				LD_RUNPATH_SEARCH_PATHS = (
					"$(inherited)",
					"@executable_path/Frameworks",
				);
				MARKETING_VERSION = 1.0.2;
				PRODUCT_BUNDLE_IDENTIFIER = suni.dev.TodorimMVC;
				PRODUCT_NAME = "$(TARGET_NAME)";
				SUPPORTED_PLATFORMS = "iphoneos iphonesimulator";
				SUPPORTS_MACCATALYST = NO;
				SUPPORTS_MAC_DESIGNED_FOR_IPHONE_IPAD = NO;
				SWIFT_EMIT_LOC_STRINGS = YES;
				SWIFT_VERSION = 5.0;
				TARGETED_DEVICE_FAMILY = "1,2";
			};
			name = Debug;
		};
		EA6088592BF6F11B00DA07D7 /* Release */ = {
			isa = XCBuildConfiguration;
			baseConfigurationReference = 1BF3DDE9AD677B9FCDBF0179 /* Pods-TodorimMVC.release.xcconfig */;
			buildSettings = {
				ASSETCATALOG_COMPILER_APPICON_NAME = AppIcon;
				ASSETCATALOG_COMPILER_GLOBAL_ACCENT_COLOR_NAME = AccentColor;
				CODE_SIGN_STYLE = Automatic;
				CURRENT_PROJECT_VERSION = 1;
				DEVELOPMENT_TEAM = 3T5QFYSPG5;
				GENERATE_INFOPLIST_FILE = YES;
				INFOPLIST_FILE = TodorimMVC/Resources/Info.plist;
				INFOPLIST_KEY_UIApplicationSupportsIndirectInputEvents = YES;
				INFOPLIST_KEY_UILaunchStoryboardName = LaunchScreen;
				INFOPLIST_KEY_UIMainStoryboardFile = Main;
				INFOPLIST_KEY_UISupportedInterfaceOrientations = UIInterfaceOrientationPortrait;
				INFOPLIST_KEY_UISupportedInterfaceOrientations_iPad = "UIInterfaceOrientationPortrait UIInterfaceOrientationPortraitUpsideDown";
				IPHONEOS_DEPLOYMENT_TARGET = 13.0;
				LD_RUNPATH_SEARCH_PATHS = (
					"$(inherited)",
					"@executable_path/Frameworks",
				);
				MARKETING_VERSION = 1.0.2;
				PRODUCT_BUNDLE_IDENTIFIER = suni.dev.TodorimMVC;
				PRODUCT_NAME = "$(TARGET_NAME)";
				SUPPORTED_PLATFORMS = "iphoneos iphonesimulator";
				SUPPORTS_MACCATALYST = NO;
				SUPPORTS_MAC_DESIGNED_FOR_IPHONE_IPAD = NO;
				SWIFT_EMIT_LOC_STRINGS = YES;
				SWIFT_VERSION = 5.0;
				TARGETED_DEVICE_FAMILY = "1,2";
			};
			name = Release;
		};
		EA60885B2BF6F11B00DA07D7 /* Debug */ = {
			isa = XCBuildConfiguration;
			baseConfigurationReference = 4C96283325681C86FAFB4449 /* Pods-TodorimMVCTests.debug.xcconfig */;
			buildSettings = {
				ALWAYS_EMBED_SWIFT_STANDARD_LIBRARIES = YES;
				BUNDLE_LOADER = "$(TEST_HOST)";
				CODE_SIGN_STYLE = Automatic;
				CURRENT_PROJECT_VERSION = 1;
				DEVELOPMENT_TEAM = 3T5QFYSPG5;
				GENERATE_INFOPLIST_FILE = YES;
				IPHONEOS_DEPLOYMENT_TARGET = 17.2;
				MARKETING_VERSION = 1.0;
				PRODUCT_BUNDLE_IDENTIFIER = suni.dev.TodorimMVCTests;
				PRODUCT_NAME = "$(TARGET_NAME)";
				SWIFT_EMIT_LOC_STRINGS = NO;
				SWIFT_VERSION = 5.0;
				TARGETED_DEVICE_FAMILY = "1,2";
				TEST_HOST = "$(BUILT_PRODUCTS_DIR)/TodorimMVC.app/$(BUNDLE_EXECUTABLE_FOLDER_PATH)/TodorimMVC";
			};
			name = Debug;
		};
		EA60885C2BF6F11B00DA07D7 /* Release */ = {
			isa = XCBuildConfiguration;
			baseConfigurationReference = F457AE0DB2B5A98DA18B8040 /* Pods-TodorimMVCTests.release.xcconfig */;
			buildSettings = {
				ALWAYS_EMBED_SWIFT_STANDARD_LIBRARIES = YES;
				BUNDLE_LOADER = "$(TEST_HOST)";
				CODE_SIGN_STYLE = Automatic;
				CURRENT_PROJECT_VERSION = 1;
				DEVELOPMENT_TEAM = 3T5QFYSPG5;
				GENERATE_INFOPLIST_FILE = YES;
				IPHONEOS_DEPLOYMENT_TARGET = 17.2;
				MARKETING_VERSION = 1.0;
				PRODUCT_BUNDLE_IDENTIFIER = suni.dev.TodorimMVCTests;
				PRODUCT_NAME = "$(TARGET_NAME)";
				SWIFT_EMIT_LOC_STRINGS = NO;
				SWIFT_VERSION = 5.0;
				TARGETED_DEVICE_FAMILY = "1,2";
				TEST_HOST = "$(BUILT_PRODUCTS_DIR)/TodorimMVC.app/$(BUNDLE_EXECUTABLE_FOLDER_PATH)/TodorimMVC";
			};
			name = Release;
		};
		EA60885E2BF6F11B00DA07D7 /* Debug */ = {
			isa = XCBuildConfiguration;
			baseConfigurationReference = 53C0999CE823C803C51D5D43 /* Pods-TodorimMVC-TodorimMVCUITests.debug.xcconfig */;
			buildSettings = {
				ALWAYS_EMBED_SWIFT_STANDARD_LIBRARIES = YES;
				CODE_SIGN_STYLE = Automatic;
				CURRENT_PROJECT_VERSION = 1;
				DEVELOPMENT_TEAM = 3T5QFYSPG5;
				GENERATE_INFOPLIST_FILE = YES;
				MARKETING_VERSION = 1.0;
				PRODUCT_BUNDLE_IDENTIFIER = suni.dev.TodorimMVCUITests;
				PRODUCT_NAME = "$(TARGET_NAME)";
				SWIFT_EMIT_LOC_STRINGS = NO;
				SWIFT_VERSION = 5.0;
				TARGETED_DEVICE_FAMILY = "1,2";
				TEST_TARGET_NAME = TodorimMVC;
			};
			name = Debug;
		};
		EA60885F2BF6F11B00DA07D7 /* Release */ = {
			isa = XCBuildConfiguration;
			baseConfigurationReference = E98C2CB1575D25B16AC4CF56 /* Pods-TodorimMVC-TodorimMVCUITests.release.xcconfig */;
			buildSettings = {
				ALWAYS_EMBED_SWIFT_STANDARD_LIBRARIES = YES;
				CODE_SIGN_STYLE = Automatic;
				CURRENT_PROJECT_VERSION = 1;
				DEVELOPMENT_TEAM = 3T5QFYSPG5;
				GENERATE_INFOPLIST_FILE = YES;
				MARKETING_VERSION = 1.0;
				PRODUCT_BUNDLE_IDENTIFIER = suni.dev.TodorimMVCUITests;
				PRODUCT_NAME = "$(TARGET_NAME)";
				SWIFT_EMIT_LOC_STRINGS = NO;
				SWIFT_VERSION = 5.0;
				TARGETED_DEVICE_FAMILY = "1,2";
				TEST_TARGET_NAME = TodorimMVC;
			};
			name = Release;
		};
/* End XCBuildConfiguration section */

/* Begin XCConfigurationList section */
		EA6088282BF6F11A00DA07D7 /* Build configuration list for PBXProject "TodorimMVC" */ = {
			isa = XCConfigurationList;
			buildConfigurations = (
				EA6088552BF6F11B00DA07D7 /* Debug */,
				EA6088562BF6F11B00DA07D7 /* Release */,
			);
			defaultConfigurationIsVisible = 0;
			defaultConfigurationName = Release;
		};
		EA6088572BF6F11B00DA07D7 /* Build configuration list for PBXNativeTarget "TodorimMVC" */ = {
			isa = XCConfigurationList;
			buildConfigurations = (
				EA6088582BF6F11B00DA07D7 /* Debug */,
				EA6088592BF6F11B00DA07D7 /* Release */,
			);
			defaultConfigurationIsVisible = 0;
			defaultConfigurationName = Release;
		};
		EA60885A2BF6F11B00DA07D7 /* Build configuration list for PBXNativeTarget "TodorimMVCTests" */ = {
			isa = XCConfigurationList;
			buildConfigurations = (
				EA60885B2BF6F11B00DA07D7 /* Debug */,
				EA60885C2BF6F11B00DA07D7 /* Release */,
			);
			defaultConfigurationIsVisible = 0;
			defaultConfigurationName = Release;
		};
		EA60885D2BF6F11B00DA07D7 /* Build configuration list for PBXNativeTarget "TodorimMVCUITests" */ = {
			isa = XCConfigurationList;
			buildConfigurations = (
				EA60885E2BF6F11B00DA07D7 /* Debug */,
				EA60885F2BF6F11B00DA07D7 /* Release */,
			);
			defaultConfigurationIsVisible = 0;
			defaultConfigurationName = Release;
		};
/* End XCConfigurationList section */
	};
	rootObject = EA6088252BF6F11A00DA07D7 /* Project object */;
}
